PODS:
  - AFNetworking (3.2.0):
    - AFNetworking/NSURLSession (= 3.2.0)
    - AFNetworking/Reachability (= 3.2.0)
    - AFNetworking/Security (= 3.2.0)
    - AFNetworking/Serialization (= 3.2.0)
    - AFNetworking/UIKit (= 3.2.0)
  - AFNetworking/NSURLSession (3.2.0):
    - AFNetworking/Reachability
    - AFNetworking/Security
    - AFNetworking/Serialization
  - AFNetworking/Reachability (3.2.0)
  - AFNetworking/Security (3.2.0)
  - AFNetworking/Serialization (3.2.0)
  - AFNetworking/UIKit (3.2.0):
    - AFNetworking/NSURLSession
  - AutoCoding (2.2.3)
  - DTFoundation (1.7.13):
    - DTFoundation/AppKit (= 1.7.13)
    - DTFoundation/Core (= 1.7.13)
    - DTFoundation/Debug (= 1.7.13)
    - DTFoundation/DTAnimatedGIF (= 1.7.13)
    - DTFoundation/DTASN1 (= 1.7.13)
    - DTFoundation/DTAsyncFileDeleter (= 1.7.13)
    - DTFoundation/DTAWS (= 1.7.13)
    - DTFoundation/DTHTMLParser (= 1.7.13)
    - DTFoundation/DTProgressHUD (= 1.7.13)
    - DTFoundation/DTReachability (= 1.7.13)
    - DTFoundation/DTScripting (= 1.7.13)
    - DTFoundation/DTSidePanel (= 1.7.13)
    - DTFoundation/DTSQLite (= 1.7.13)
    - DTFoundation/DTUTI (= 1.7.13)
    - DTFoundation/DTZipArchive (= 1.7.13)
    - DTFoundation/Runtime (= 1.7.13)
    - DTFoundation/UIKit (= 1.7.13)
    - DTFoundation/UIKit_BlocksAdditions (= 1.7.13)
  - DTFoundation/Core (1.7.13)
  - DTFoundation/Debug (1.7.13):
    - DTFoundation/Core
    - DTFoundation/Runtime
  - DTFoundation/DTAnimatedGIF (1.7.13)
  - DTFoundation/DTASN1 (1.7.13):
    - DTFoundation/Core
  - DTFoundation/DTAsyncFileDeleter (1.7.13):
    - DTFoundation/Core
  - DTFoundation/DTAWS (1.7.13):
    - DTFoundation/Core
  - DTFoundation/DTHTMLParser (1.7.13):
    - DTFoundation/Core
  - DTFoundation/DTProgressHUD (1.7.13):
    - DTFoundation/Core
    - DTFoundation/UIKit
  - DTFoundation/DTReachability (1.7.13):
    - DTFoundation/Core
  - DTFoundation/DTScripting (1.7.13):
    - DTFoundation/Core
  - DTFoundation/DTSidePanel (1.7.13):
    - DTFoundation/UIKit
  - DTFoundation/DTSQLite (1.7.13):
    - DTFoundation/Core
  - DTFoundation/DTUTI (1.7.13)
  - DTFoundation/DTZipArchive (1.7.13):
    - DTFoundation/DTZipArchive/Minizip (= 1.7.13)
  - DTFoundation/DTZipArchive/Minizip (1.7.13)
  - DTFoundation/Runtime (1.7.13)
  - DTFoundation/UIKit (1.7.13):
    - DTFoundation/Core
  - DTFoundation/UIKit_BlocksAdditions (1.7.13):
    - DTFoundation/Core
  - DZNEmptyDataSet (1.8.1)
  - FLAnimatedImage (1.0.12)
  - IGListKit (3.2.0):
    - IGListKit/Default (= 3.2.0)
  - IGListKit/Default (3.2.0):
    - IGListKit/Diffing
  - IGListKit/Diffing (3.2.0)
  - JSONModel (1.7.0)
  - KVOController (1.2.0)
  - libwebp (0.6.0):
    - libwebp/core (= 0.6.0)
    - libwebp/dec (= 0.6.0)
    - libwebp/demux (= 0.6.0)
    - libwebp/dsp (= 0.6.0)
    - libwebp/enc (= 0.6.0)
    - libwebp/mux (= 0.6.0)
    - libwebp/utils (= 0.6.0)
    - libwebp/webp (= 0.6.0)
  - libwebp/core (0.6.0):
    - libwebp/webp
  - libwebp/dec (0.6.0):
    - libwebp/core
  - libwebp/demux (0.6.0):
    - libwebp/core
  - libwebp/dsp (0.6.0):
    - libwebp/core
  - libwebp/enc (0.6.0):
    - libwebp/core
  - libwebp/mux (0.6.0):
    - libwebp/core
  - libwebp/utils (0.6.0):
    - libwebp/core
  - libwebp/webp (0.6.0)
  - Masonry (1.1.0)
  - pop (1.0.10)
  - SDWebImage (4.3.2):
    - SDWebImage/Core (= 4.3.2)
  - SDWebImage/Core (4.3.2)
  - SDWebImage/GIF (4.3.2):
    - FLAnimatedImage (~> 1.0)
    - SDWebImage/Core
  - SDWebImage/MapKit (4.3.2):
    - SDWebImage/Core
  - SDWebImage/WebP (4.3.2):
    - libwebp (~> 0.5)
    - SDWebImage/Core
  - YTKNetwork (2.0.4):
    - AFNetworking (~> 3.0)
  - YYModel (1.0.4)

DEPENDENCIES:
  - AFNetworking
  - AutoCoding
  - DTFoundation
  - DZNEmptyDataSet
  - IGListKit
  - JSONModel
  - KVOController
  - Masonry
  - pop
  - SDWebImage
  - SDWebImage/GIF
  - SDWebImage/MapKit
  - SDWebImage/WebP
  - YTKNetwork
  - YYModel

SPEC CHECKSUMS:
  AFNetworking: 8ac6017b94ea105479f7776e5288e48ae9c59bb4
  AutoCoding: 90ca3cbc0d77a37cfff75167d705b44148c5fc51
  DTFoundation: f03be9fd786f11e505bb8fc44e2a3732bf0917df
  DZNEmptyDataSet: 9525833b9e68ac21c30253e1d3d7076cc828eaa7
  FLAnimatedImage: 4a0b56255d9b05f18b6dd7ee06871be5d3b89e31
  IGListKit: ffe6f98a728ab0250aceea22e7957aa5477c5048
  JSONModel: 840bc0fcffb24b8454d2c026bf26fea454b8e98d
  KVOController: d72ace34afea42468329623b3379ab3cd1d286b6
  libwebp: 1d5a07c2eb97f9c31bd5f154bb82efc0ea67c6a2
  Masonry: 678fab65091a9290e40e2832a55e7ab731aad201
  pop: 82ca6b068ce9278fd350fd9dd09482a0ce9492e6
  SDWebImage: 29bd3c0bc1f01e5eb59720847c64ad4c4ca1af5d
  YTKNetwork: df8a7a5597bda1664a4efaa7ef871a818a887fe0
  YYModel: 2a7fdd96aaa4b86a824e26d0c517de8928c04b30

PODFILE CHECKSUM: 45244c54d3f89f9aea1d104fea486d47e08e8dfe

COCOAPODS: 1.3.1
