PODS:
  - AFNetworking (3.1.0):
    - AFNetworking/NSURLSession (= 3.1.0)
    - AFNetworking/Reachability (= 3.1.0)
    - AFNetworking/Security (= 3.1.0)
    - AFNetworking/Serialization (= 3.1.0)
    - AFNetworking/UIKit (= 3.1.0)
  - AFNetworking/NSURLSession (3.1.0):
    - AFNetworking/Reachability
    - AFNetworking/Security
    - AFNetworking/Serialization
  - AFNetworking/Reachability (3.1.0)
  - AFNetworking/Security (3.1.0)
  - AFNetworking/Serialization (3.1.0)
  - AFNetworking/UIKit (3.1.0):
    - AFNetworking/NSURLSession
  - AutoCoding (2.2.2)
  - DTFoundation (1.7.12):
    - DTFoundation/AppKit (= 1.7.12)
    - DTFoundation/Core (= 1.7.12)
    - DTFoundation/Debug (= 1.7.12)
    - DTFoundation/DTAnimatedGIF (= 1.7.12)
    - DTFoundation/DTASN1 (= 1.7.12)
    - DTFoundation/DTAsyncFileDeleter (= 1.7.12)
    - DTFoundation/DTAWS (= 1.7.12)
    - DTFoundation/DTHTMLParser (= 1.7.12)
    - DTFoundation/DTProgressHUD (= 1.7.12)
    - DTFoundation/DTReachability (= 1.7.12)
    - DTFoundation/DTScripting (= 1.7.12)
    - DTFoundation/DTSidePanel (= 1.7.12)
    - DTFoundation/DTSQLite (= 1.7.12)
    - DTFoundation/DTUTI (= 1.7.12)
    - DTFoundation/DTZipArchive (= 1.7.12)
    - DTFoundation/Runtime (= 1.7.12)
    - DTFoundation/UIKit (= 1.7.12)
    - DTFoundation/UIKit_BlocksAdditions (= 1.7.12)
  - DTFoundation/Core (1.7.12)
  - DTFoundation/Debug (1.7.12):
    - DTFoundation/Core
    - DTFoundation/Runtime
  - DTFoundation/DTAnimatedGIF (1.7.12)
  - DTFoundation/DTASN1 (1.7.12):
    - DTFoundation/Core
  - DTFoundation/DTAsyncFileDeleter (1.7.12):
    - DTFoundation/Core
  - DTFoundation/DTAWS (1.7.12):
    - DTFoundation/Core
  - DTFoundation/DTHTMLParser (1.7.12):
    - DTFoundation/Core
  - DTFoundation/DTProgressHUD (1.7.12):
    - DTFoundation/Core
    - DTFoundation/UIKit
  - DTFoundation/DTReachability (1.7.12):
    - DTFoundation/Core
  - DTFoundation/DTScripting (1.7.12):
    - DTFoundation/Core
  - DTFoundation/DTSidePanel (1.7.12):
    - DTFoundation/UIKit
  - DTFoundation/DTSQLite (1.7.12):
    - DTFoundation/Core
  - DTFoundation/DTUTI (1.7.12)
  - DTFoundation/DTZipArchive (1.7.12):
    - DTFoundation/DTZipArchive/Minizip (= 1.7.12)
  - DTFoundation/DTZipArchive/Minizip (1.7.12)
  - DTFoundation/Runtime (1.7.12)
  - DTFoundation/UIKit (1.7.12):
    - DTFoundation/Core
  - DTFoundation/UIKit_BlocksAdditions (1.7.12):
    - DTFoundation/Core
  - FLAnimatedImage (1.0.12)
  - JSONModel (1.7.0)
  - KVOController (1.2.0)
  - libwebp (0.6.0):
    - libwebp/core (= 0.6.0)
    - libwebp/dec (= 0.6.0)
    - libwebp/demux (= 0.6.0)
    - libwebp/dsp (= 0.6.0)
    - libwebp/enc (= 0.6.0)
    - libwebp/mux (= 0.6.0)
    - libwebp/utils (= 0.6.0)
    - libwebp/webp (= 0.6.0)
  - libwebp/core (0.6.0):
    - libwebp/webp
  - libwebp/dec (0.6.0):
    - libwebp/core
  - libwebp/demux (0.6.0):
    - libwebp/core
  - libwebp/dsp (0.6.0):
    - libwebp/core
  - libwebp/enc (0.6.0):
    - libwebp/core
  - libwebp/mux (0.6.0):
    - libwebp/core
  - libwebp/utils (0.6.0):
    - libwebp/core
  - libwebp/webp (0.6.0)
  - Masonry (1.0.2)
  - SDWebImage (4.0.0):
    - SDWebImage/Core (= 4.0.0)
  - SDWebImage/Core (4.0.0)
  - SDWebImage/GIF (4.0.0):
    - FLAnimatedImage (~> 1.0)
    - SDWebImage/Core
  - SDWebImage/MapKit (4.0.0):
    - SDWebImage/Core
  - SDWebImage/WebP (4.0.0):
    - libwebp
    - SDWebImage/Core

DEPENDENCIES:
  - AFNetworking
  - AutoCoding
  - DTFoundation
  - JSONModel
  - KVOController
  - Masonry
  - SDWebImage
  - SDWebImage/GIF
  - SDWebImage/MapKit
  - SDWebImage/WebP

SPEC CHECKSUMS:
  AFNetworking: 5e0e199f73d8626b11e79750991f5d173d1f8b67
  AutoCoding: 56fa46dbfa89d44189a26ce64e6a470ed8ff4661
  DTFoundation: 26a164ef510877387906fb92bff524a792db4bf8
  FLAnimatedImage: 4a0b56255d9b05f18b6dd7ee06871be5d3b89e31
  JSONModel: 840bc0fcffb24b8454d2c026bf26fea454b8e98d
  KVOController: d72ace34afea42468329623b3379ab3cd1d286b6
  libwebp: 1d5a07c2eb97f9c31bd5f154bb82efc0ea67c6a2
  Masonry: 7c429b56da9d4ee0bbb3ed77a5ea710d6a5df39e
  SDWebImage: 76a6348bdc74eb5a55dd08a091ef298e56b55e41

PODFILE CHECKSUM: dd449181ad30726c5897f54d209fd9dfd4587b6f

COCOAPODS: 1.2.0
