// !$*UTF8*$!
{
	archiveVersion = 1;
	classes = {
	};
	objectVersion = 46;
	objects = {

/* Begin PBXBuildFile section */
		740C9EB31F55A1F400A0A228 /* DWDramImageViewController.m in Sources */ = {isa = PBXBuildFile; fileRef = 740C9EB21F55A1F400A0A228 /* DWDramImageViewController.m */; };
		740EAF6E20177E6B00565218 /* NSURL+DWKit.m in Sources */ = {isa = PBXBuildFile; fileRef = 740EAF6D20177E6B00565218 /* NSURL+DWKit.m */; };
		7412C05A1FBD6F4B00256898 /* DWWebViewController.m in Sources */ = {isa = PBXBuildFile; fileRef = 7412C0591FBD6F4B00256898 /* DWWebViewController.m */; };
		7417AAD21F95EEEE00ADCF2C /* UIScrollView+DWAdapterIOS11.m in Sources */ = {isa = PBXBuildFile; fileRef = 7417AAD11F95EEEE00ADCF2C /* UIScrollView+DWAdapterIOS11.m */; };
		7417AAD51F95EF3200ADCF2C /* UITableView+DWAdapterIOS11.m in Sources */ = {isa = PBXBuildFile; fileRef = 7417AAD41F95EF3200ADCF2C /* UITableView+DWAdapterIOS11.m */; };
		741B34EF1ED31AD3007D4278 /* NSAttributedString+DWUtil.m in Sources */ = {isa = PBXBuildFile; fileRef = 741B34EC1ED31AD3007D4278 /* NSAttributedString+DWUtil.m */; };
		741B34F01ED31AD3007D4278 /* NSTextAttachment+DWUtil.m in Sources */ = {isa = PBXBuildFile; fileRef = 741B34EE1ED31AD3007D4278 /* NSTextAttachment+DWUtil.m */; };
		742B3DD81E93CD5100EA891F /* DWRichTextEditViewController.m in Sources */ = {isa = PBXBuildFile; fileRef = 742B3DD71E93CD5100EA891F /* DWRichTextEditViewController.m */; };
		742B3DDC1E93D7AA00EA891F /* DWRichTextEditToolBar.m in Sources */ = {isa = PBXBuildFile; fileRef = 742B3DDB1E93D7AA00EA891F /* DWRichTextEditToolBar.m */; };
		742CF54D20561E0D000BD92B /* DWKVOViewController.m in Sources */ = {isa = PBXBuildFile; fileRef = 742CF54C20561E0D000BD92B /* DWKVOViewController.m */; };
		742F07B01E8369E500ABEDA8 /* DWUtilities.m in Sources */ = {isa = PBXBuildFile; fileRef = 742F07AF1E8369E500ABEDA8 /* DWUtilities.m */; };
		7435779C1E7544EA004BC1E1 /* UIButton+DWKit.m in Sources */ = {isa = PBXBuildFile; fileRef = 7435779B1E7544EA004BC1E1 /* UIButton+DWKit.m */; };
		7435779F1E754641004BC1E1 /* UIView+DWKit.m in Sources */ = {isa = PBXBuildFile; fileRef = 7435779E1E754641004BC1E1 /* UIView+DWKit.m */; };
		743577A21E755940004BC1E1 /* UIFont+DWKit.m in Sources */ = {isa = PBXBuildFile; fileRef = 743577A11E755940004BC1E1 /* UIFont+DWKit.m */; };
		743577A51E755B10004BC1E1 /* NSAttributedString+DWKit.m in Sources */ = {isa = PBXBuildFile; fileRef = 743577A41E755B10004BC1E1 /* NSAttributedString+DWKit.m */; };
		743577A81E755B95004BC1E1 /* UIColor+DWKit.m in Sources */ = {isa = PBXBuildFile; fileRef = 743577A71E755B95004BC1E1 /* UIColor+DWKit.m */; };
		743577AB1E755FD8004BC1E1 /* UITextField+DWKit.m in Sources */ = {isa = PBXBuildFile; fileRef = 743577AA1E755FD8004BC1E1 /* UITextField+DWKit.m */; };
		743577AE1E756DBD004BC1E1 /* UIViewController+DWKit.m in Sources */ = {isa = PBXBuildFile; fileRef = 743577AD1E756DBD004BC1E1 /* UIViewController+DWKit.m */; };
		743577B11E757C41004BC1E1 /* NSDictionary+DWKit.m in Sources */ = {isa = PBXBuildFile; fileRef = 743577B01E757C41004BC1E1 /* NSDictionary+DWKit.m */; };
		743DBAEA1EB613DF002009A9 /* DWRichTextEditSelectColorView.m in Sources */ = {isa = PBXBuildFile; fileRef = 743DBAE91EB613DF002009A9 /* DWRichTextEditSelectColorView.m */; };
		74513A7D1F9CEF4C007DD4E9 /* DWUtilAppInfo.m in Sources */ = {isa = PBXBuildFile; fileRef = 74513A7C1F9CEF4C007DD4E9 /* DWUtilAppInfo.m */; };
		7452F3EE1F49520F00278B8E /* UIWindow+DWKit.m in Sources */ = {isa = PBXBuildFile; fileRef = 7452F3ED1F49520F00278B8E /* UIWindow+DWKit.m */; };
		74544A26206555CB001E3FAD /* DWSingletonViewController.m in Sources */ = {isa = PBXBuildFile; fileRef = 74544A25206555CB001E3FAD /* DWSingletonViewController.m */; };
		74544A292069DC09001E3FAD /* DWAlgorithmViewController.m in Sources */ = {isa = PBXBuildFile; fileRef = 74544A282069DC09001E3FAD /* DWAlgorithmViewController.m */; };
		7455A4951E80C9EE002CA176 /* CoreGraphics.framework in Frameworks */ = {isa = PBXBuildFile; fileRef = 7455A4941E80C9EE002CA176 /* CoreGraphics.framework */; };
		7455A4981E80D027002CA176 /* UIImage+DWKit.m in Sources */ = {isa = PBXBuildFile; fileRef = 7455A4971E80D027002CA176 /* UIImage+DWKit.m */; };
		745D270B1ED94A19003BE00F /* DWDebugViewController.m in Sources */ = {isa = PBXBuildFile; fileRef = 745D270A1ED94A19003BE00F /* DWDebugViewController.m */; };
		745D270D1ED9564A003BE00F /* UIKit.framework in Frameworks */ = {isa = PBXBuildFile; fileRef = 745D270C1ED9564A003BE00F /* UIKit.framework */; };
		745D27101ED95831003BE00F /* UIViewController+DWSystemDebug.m in Sources */ = {isa = PBXBuildFile; fileRef = 745D270F1ED95831003BE00F /* UIViewController+DWSystemDebug.m */; };
		747886121FD8E65F00040D36 /* DWViewController.m in Sources */ = {isa = PBXBuildFile; fileRef = 747886111FD8E65F00040D36 /* DWViewController.m */; };
		7479A3D51F5CE830008AD738 /* DWEdgeInsetViewController.m in Sources */ = {isa = PBXBuildFile; fileRef = 7479A3CA1F5CE830008AD738 /* DWEdgeInsetViewController.m */; };
		7479A3D61F5CE830008AD738 /* DWSectionCellViewController.m in Sources */ = {isa = PBXBuildFile; fileRef = 7479A3CC1F5CE830008AD738 /* DWSectionCellViewController.m */; };
		7479A3D71F5CE830008AD738 /* DWEdgeInsetTableViewCell.m in Sources */ = {isa = PBXBuildFile; fileRef = 7479A3D01F5CE830008AD738 /* DWEdgeInsetTableViewCell.m */; };
		7479A3D81F5CE830008AD738 /* DWTableViewCell.m in Sources */ = {isa = PBXBuildFile; fileRef = 7479A3D21F5CE830008AD738 /* DWTableViewCell.m */; };
		747FAB351E78D41E00AD3CFE /* NSObject+DWKit.m in Sources */ = {isa = PBXBuildFile; fileRef = 747FAB341E78D41E00AD3CFE /* NSObject+DWKit.m */; };
		747FAB381E78EC9A00AD3CFE /* UILabel+DWKit.m in Sources */ = {isa = PBXBuildFile; fileRef = 747FAB371E78EC9A00AD3CFE /* UILabel+DWKit.m */; };
		747FAB3B1E791AB100AD3CFE /* CALayer+DWKit.m in Sources */ = {isa = PBXBuildFile; fileRef = 747FAB3A1E791AB100AD3CFE /* CALayer+DWKit.m */; };
		747FAB3E1E7920CB00AD3CFE /* NSString+DWKit.m in Sources */ = {isa = PBXBuildFile; fileRef = 747FAB3D1E7920CB00AD3CFE /* NSString+DWKit.m */; };
		747FAB411E7926C900AD3CFE /* NSNumber+DWKit.m in Sources */ = {isa = PBXBuildFile; fileRef = 747FAB401E7926C900AD3CFE /* NSNumber+DWKit.m */; };
		748B72781F20AB0C00BE1029 /* DWAnimationViewController.m in Sources */ = {isa = PBXBuildFile; fileRef = 748B72771F20AB0C00BE1029 /* DWAnimationViewController.m */; };
		748B72791F20B45F00BE1029 /* DWDelegateViewController.m in Sources */ = {isa = PBXBuildFile; fileRef = 748B72701F20AAD700BE1029 /* DWDelegateViewController.m */; };
		748B727A1F20B46400BE1029 /* DWGCDViewController.m in Sources */ = {isa = PBXBuildFile; fileRef = 748B726F1F20AAD700BE1029 /* DWGCDViewController.m */; };
		748B727E1F20B46F00BE1029 /* DWSendSMSViewController.m in Sources */ = {isa = PBXBuildFile; fileRef = 748B72681F20AAD700BE1029 /* DWSendSMSViewController.m */; };
		748B727F1F20B47200BE1029 /* DWSkillViewController.m in Sources */ = {isa = PBXBuildFile; fileRef = 748B72691F20AAD700BE1029 /* DWSkillViewController.m */; };
		74B616511E7FCCD4004D350B /* UITextView+DWKit.m in Sources */ = {isa = PBXBuildFile; fileRef = 74B616501E7FCCD4004D350B /* UITextView+DWKit.m */; };
		74BC7A381E95371500DAD94E /* DWPermissionUtil.m in Sources */ = {isa = PBXBuildFile; fileRef = 74BC7A371E95371500DAD94E /* DWPermissionUtil.m */; };
		74BC7A431E95DA1A00DAD94E /* UIDevice+DWKit.m in Sources */ = {isa = PBXBuildFile; fileRef = 74BC7A421E95DA1A00DAD94E /* UIDevice+DWKit.m */; };
		74BC7A461E95F89300DAD94E /* DWSettingUtil.m in Sources */ = {isa = PBXBuildFile; fileRef = 74BC7A451E95F89300DAD94E /* DWSettingUtil.m */; };
		74D04A461FE8A6910019B861 /* DWRuntimeViewController.m in Sources */ = {isa = PBXBuildFile; fileRef = 74D04A451FE8A6910019B861 /* DWRuntimeViewController.m */; };
		74E359F81E7189C600AEDE10 /* main.m in Sources */ = {isa = PBXBuildFile; fileRef = 74E359F71E7189C600AEDE10 /* main.m */; };
		74E359FB1E7189C600AEDE10 /* AppDelegate.m in Sources */ = {isa = PBXBuildFile; fileRef = 74E359FA1E7189C600AEDE10 /* AppDelegate.m */; };
		74E359FE1E7189C600AEDE10 /* ObjcViewController.m in Sources */ = {isa = PBXBuildFile; fileRef = 74E359FD1E7189C600AEDE10 /* ObjcViewController.m */; };
		74E35A011E7189C600AEDE10 /* Main.storyboard in Resources */ = {isa = PBXBuildFile; fileRef = 74E359FF1E7189C600AEDE10 /* Main.storyboard */; };
		74E35A031E7189C600AEDE10 /* Assets.xcassets in Resources */ = {isa = PBXBuildFile; fileRef = 74E35A021E7189C600AEDE10 /* Assets.xcassets */; };
		74E35A061E7189C600AEDE10 /* LaunchScreen.storyboard in Resources */ = {isa = PBXBuildFile; fileRef = 74E35A041E7189C600AEDE10 /* LaunchScreen.storyboard */; };
		74E35A131E718A5400AEDE10 /* DWWeakProxy.m in Sources */ = {isa = PBXBuildFile; fileRef = 74E35A121E718A5400AEDE10 /* DWWeakProxy.m */; };
		74E35A171E718C6E00AEDE10 /* DWFPSLabel.m in Sources */ = {isa = PBXBuildFile; fileRef = 74E35A161E718C6E00AEDE10 /* DWFPSLabel.m */; };
		74E35A1A1E718E0E00AEDE10 /* DWLinearGradientView.m in Sources */ = {isa = PBXBuildFile; fileRef = 74E35A191E718E0E00AEDE10 /* DWLinearGradientView.m */; };
		74E35A1E1E726F1000AEDE10 /* NSDate+DWKit.m in Sources */ = {isa = PBXBuildFile; fileRef = 74E35A1D1E726F1000AEDE10 /* NSDate+DWKit.m */; };
		74EC50251ED6A4E2000A9E3C /* ModelClass.m in Sources */ = {isa = PBXBuildFile; fileRef = 74EC50221ED6A4E2000A9E3C /* ModelClass.m */; };
		74EC50261ED6A4E2000A9E3C /* NSObject+DWModel.m in Sources */ = {isa = PBXBuildFile; fileRef = 74EC50241ED6A4E2000A9E3C /* NSObject+DWModel.m */; };
		74EC502E1ED6A50E000A9E3C /* NSArray+DWCrash.m in Sources */ = {isa = PBXBuildFile; fileRef = 74EC50291ED6A50E000A9E3C /* NSArray+DWCrash.m */; settings = {COMPILER_FLAGS = "-fno-objc-arc"; }; };
		74EC502F1ED6A50E000A9E3C /* NSDictionary+DWCrash.m in Sources */ = {isa = PBXBuildFile; fileRef = 74EC502B1ED6A50E000A9E3C /* NSDictionary+DWCrash.m */; };
		74EC50301ED6A50E000A9E3C /* NSNull+DWCrash.m in Sources */ = {isa = PBXBuildFile; fileRef = 74EC502D1ED6A50E000A9E3C /* NSNull+DWCrash.m */; };
		74EC50341ED6A516000A9E3C /* NSObject+DWLogUnicode.m in Sources */ = {isa = PBXBuildFile; fileRef = 74EC50331ED6A516000A9E3C /* NSObject+DWLogUnicode.m */; };
		74EC50371ED6A5ED000A9E3C /* NSObject+DWCrash.m in Sources */ = {isa = PBXBuildFile; fileRef = 74EC50361ED6A5ED000A9E3C /* NSObject+DWCrash.m */; };
		74F555331FEBD05200496E84 /* DWTestViewController.m in Sources */ = {isa = PBXBuildFile; fileRef = 74F555321FEBD05200496E84 /* DWTestViewController.m */; };
		74F7234F1F5B914800714DA0 /* DWRuntimeTest.m in Sources */ = {isa = PBXBuildFile; fileRef = 74F7234E1F5B914800714DA0 /* DWRuntimeTest.m */; };
		74F7235E1F5C295300714DA0 /* DWCollectionViewController.m in Sources */ = {isa = PBXBuildFile; fileRef = 74F7235D1F5C295200714DA0 /* DWCollectionViewController.m */; };
		B457EEBB3C5A9E31EB57CC02 /* Pods_DWUtilKitDemo.framework in Frameworks */ = {isa = PBXBuildFile; fileRef = 217F9670BB59BC29A882F736 /* Pods_DWUtilKitDemo.framework */; };
/* End PBXBuildFile section */

/* Begin PBXFileReference section */
		217F9670BB59BC29A882F736 /* Pods_DWUtilKitDemo.framework */ = {isa = PBXFileReference; explicitFileType = wrapper.framework; includeInIndex = 0; path = Pods_DWUtilKitDemo.framework; sourceTree = BUILT_PRODUCTS_DIR; };
		3A6E1C81FBBE2824B1DCBA79 /* Pods-DWUtilKitDemoTests.release.xcconfig */ = {isa = PBXFileReference; includeInIndex = 1; lastKnownFileType = text.xcconfig; name = "Pods-DWUtilKitDemoTests.release.xcconfig"; path = "Pods/Target Support Files/Pods-DWUtilKitDemoTests/Pods-DWUtilKitDemoTests.release.xcconfig"; sourceTree = "<group>"; };
		43DFB081E7D85AD9BD3D052D /* Pods-DWUtilKitDemo.release.xcconfig */ = {isa = PBXFileReference; includeInIndex = 1; lastKnownFileType = text.xcconfig; name = "Pods-DWUtilKitDemo.release.xcconfig"; path = "Pods/Target Support Files/Pods-DWUtilKitDemo/Pods-DWUtilKitDemo.release.xcconfig"; sourceTree = "<group>"; };
		4E5082B3BFFD185D39C9A663 /* Pods-DWUtilKitDemo.debug.xcconfig */ = {isa = PBXFileReference; includeInIndex = 1; lastKnownFileType = text.xcconfig; name = "Pods-DWUtilKitDemo.debug.xcconfig"; path = "Pods/Target Support Files/Pods-DWUtilKitDemo/Pods-DWUtilKitDemo.debug.xcconfig"; sourceTree = "<group>"; };
		740C9EB11F55A1F400A0A228 /* DWDramImageViewController.h */ = {isa = PBXFileReference; fileEncoding = 4; lastKnownFileType = sourcecode.c.h; path = DWDramImageViewController.h; sourceTree = "<group>"; };
		740C9EB21F55A1F400A0A228 /* DWDramImageViewController.m */ = {isa = PBXFileReference; fileEncoding = 4; lastKnownFileType = sourcecode.c.objc; path = DWDramImageViewController.m; sourceTree = "<group>"; };
		740C9EDA1F56E5F600A0A228 /* DWUtilKitDemo.app */ = {isa = PBXFileReference; explicitFileType = wrapper.application; includeInIndex = 0; path = DWUtilKitDemo.app; sourceTree = BUILT_PRODUCTS_DIR; };
		740EAF6C20177E6B00565218 /* NSURL+DWKit.h */ = {isa = PBXFileReference; lastKnownFileType = sourcecode.c.h; path = "NSURL+DWKit.h"; sourceTree = "<group>"; };
		740EAF6D20177E6B00565218 /* NSURL+DWKit.m */ = {isa = PBXFileReference; lastKnownFileType = sourcecode.c.objc; path = "NSURL+DWKit.m"; sourceTree = "<group>"; };
		7412C0581FBD6F4B00256898 /* DWWebViewController.h */ = {isa = PBXFileReference; lastKnownFileType = sourcecode.c.h; path = DWWebViewController.h; sourceTree = "<group>"; };
		7412C0591FBD6F4B00256898 /* DWWebViewController.m */ = {isa = PBXFileReference; lastKnownFileType = sourcecode.c.objc; path = DWWebViewController.m; sourceTree = "<group>"; };
		7417AAD01F95EEEE00ADCF2C /* UIScrollView+DWAdapterIOS11.h */ = {isa = PBXFileReference; lastKnownFileType = sourcecode.c.h; path = "UIScrollView+DWAdapterIOS11.h"; sourceTree = "<group>"; };
		7417AAD11F95EEEE00ADCF2C /* UIScrollView+DWAdapterIOS11.m */ = {isa = PBXFileReference; lastKnownFileType = sourcecode.c.objc; path = "UIScrollView+DWAdapterIOS11.m"; sourceTree = "<group>"; };
		7417AAD31F95EF3200ADCF2C /* UITableView+DWAdapterIOS11.h */ = {isa = PBXFileReference; lastKnownFileType = sourcecode.c.h; path = "UITableView+DWAdapterIOS11.h"; sourceTree = "<group>"; };
		7417AAD41F95EF3200ADCF2C /* UITableView+DWAdapterIOS11.m */ = {isa = PBXFileReference; lastKnownFileType = sourcecode.c.objc; path = "UITableView+DWAdapterIOS11.m"; sourceTree = "<group>"; };
		7417AAD61F95F72500ADCF2C /* DWUtilKit.podspec */ = {isa = PBXFileReference; lastKnownFileType = text; name = DWUtilKit.podspec; path = ../DWUtilKit.podspec; sourceTree = "<group>"; };
		741B34EB1ED31AD3007D4278 /* NSAttributedString+DWUtil.h */ = {isa = PBXFileReference; fileEncoding = 4; lastKnownFileType = sourcecode.c.h; path = "NSAttributedString+DWUtil.h"; sourceTree = "<group>"; };
		741B34EC1ED31AD3007D4278 /* NSAttributedString+DWUtil.m */ = {isa = PBXFileReference; fileEncoding = 4; lastKnownFileType = sourcecode.c.objc; path = "NSAttributedString+DWUtil.m"; sourceTree = "<group>"; };
		741B34ED1ED31AD3007D4278 /* NSTextAttachment+DWUtil.h */ = {isa = PBXFileReference; fileEncoding = 4; lastKnownFileType = sourcecode.c.h; path = "NSTextAttachment+DWUtil.h"; sourceTree = "<group>"; };
		741B34EE1ED31AD3007D4278 /* NSTextAttachment+DWUtil.m */ = {isa = PBXFileReference; fileEncoding = 4; lastKnownFileType = sourcecode.c.objc; path = "NSTextAttachment+DWUtil.m"; sourceTree = "<group>"; };
		742B3DD61E93CD5100EA891F /* DWRichTextEditViewController.h */ = {isa = PBXFileReference; fileEncoding = 4; lastKnownFileType = sourcecode.c.h; path = DWRichTextEditViewController.h; sourceTree = "<group>"; };
		742B3DD71E93CD5100EA891F /* DWRichTextEditViewController.m */ = {isa = PBXFileReference; fileEncoding = 4; lastKnownFileType = sourcecode.c.objc; path = DWRichTextEditViewController.m; sourceTree = "<group>"; };
		742B3DD91E93CF4600EA891F /* DWUtilKitPch.pch */ = {isa = PBXFileReference; lastKnownFileType = sourcecode.c.h; path = DWUtilKitPch.pch; sourceTree = SOURCE_ROOT; };
		742B3DDA1E93D7AA00EA891F /* DWRichTextEditToolBar.h */ = {isa = PBXFileReference; fileEncoding = 4; lastKnownFileType = sourcecode.c.h; path = DWRichTextEditToolBar.h; sourceTree = "<group>"; };
		742B3DDB1E93D7AA00EA891F /* DWRichTextEditToolBar.m */ = {isa = PBXFileReference; fileEncoding = 4; lastKnownFileType = sourcecode.c.objc; path = DWRichTextEditToolBar.m; sourceTree = "<group>"; };
		742CF54B20561E0D000BD92B /* DWKVOViewController.h */ = {isa = PBXFileReference; lastKnownFileType = sourcecode.c.h; path = DWKVOViewController.h; sourceTree = "<group>"; };
		742CF54C20561E0D000BD92B /* DWKVOViewController.m */ = {isa = PBXFileReference; lastKnownFileType = sourcecode.c.objc; path = DWKVOViewController.m; sourceTree = "<group>"; };
		742F07AE1E8369E500ABEDA8 /* DWUtilities.h */ = {isa = PBXFileReference; fileEncoding = 4; lastKnownFileType = sourcecode.c.h; path = DWUtilities.h; sourceTree = "<group>"; };
		742F07AF1E8369E500ABEDA8 /* DWUtilities.m */ = {isa = PBXFileReference; fileEncoding = 4; lastKnownFileType = sourcecode.c.objc; path = DWUtilities.m; sourceTree = "<group>"; };
		743050841FD00FE8009D97CB /* DWRuntimeTest.cpp */ = {isa = PBXFileReference; fileEncoding = 4; lastKnownFileType = sourcecode.cpp.cpp; path = DWRuntimeTest.cpp; sourceTree = "<group>"; };
		7435779A1E7544EA004BC1E1 /* UIButton+DWKit.h */ = {isa = PBXFileReference; fileEncoding = 4; lastKnownFileType = sourcecode.c.h; path = "UIButton+DWKit.h"; sourceTree = "<group>"; };
		7435779B1E7544EA004BC1E1 /* UIButton+DWKit.m */ = {isa = PBXFileReference; fileEncoding = 4; lastKnownFileType = sourcecode.c.objc; path = "UIButton+DWKit.m"; sourceTree = "<group>"; };
		7435779D1E754641004BC1E1 /* UIView+DWKit.h */ = {isa = PBXFileReference; fileEncoding = 4; lastKnownFileType = sourcecode.c.h; path = "UIView+DWKit.h"; sourceTree = "<group>"; };
		7435779E1E754641004BC1E1 /* UIView+DWKit.m */ = {isa = PBXFileReference; fileEncoding = 4; lastKnownFileType = sourcecode.c.objc; path = "UIView+DWKit.m"; sourceTree = "<group>"; };
		743577A01E755940004BC1E1 /* UIFont+DWKit.h */ = {isa = PBXFileReference; fileEncoding = 4; lastKnownFileType = sourcecode.c.h; path = "UIFont+DWKit.h"; sourceTree = "<group>"; };
		743577A11E755940004BC1E1 /* UIFont+DWKit.m */ = {isa = PBXFileReference; fileEncoding = 4; lastKnownFileType = sourcecode.c.objc; path = "UIFont+DWKit.m"; sourceTree = "<group>"; };
		743577A31E755B10004BC1E1 /* NSAttributedString+DWKit.h */ = {isa = PBXFileReference; fileEncoding = 4; lastKnownFileType = sourcecode.c.h; path = "NSAttributedString+DWKit.h"; sourceTree = "<group>"; };
		743577A41E755B10004BC1E1 /* NSAttributedString+DWKit.m */ = {isa = PBXFileReference; fileEncoding = 4; lastKnownFileType = sourcecode.c.objc; path = "NSAttributedString+DWKit.m"; sourceTree = "<group>"; };
		743577A61E755B95004BC1E1 /* UIColor+DWKit.h */ = {isa = PBXFileReference; fileEncoding = 4; lastKnownFileType = sourcecode.c.h; path = "UIColor+DWKit.h"; sourceTree = "<group>"; };
		743577A71E755B95004BC1E1 /* UIColor+DWKit.m */ = {isa = PBXFileReference; fileEncoding = 4; lastKnownFileType = sourcecode.c.objc; path = "UIColor+DWKit.m"; sourceTree = "<group>"; };
		743577A91E755FD8004BC1E1 /* UITextField+DWKit.h */ = {isa = PBXFileReference; fileEncoding = 4; lastKnownFileType = sourcecode.c.h; path = "UITextField+DWKit.h"; sourceTree = "<group>"; };
		743577AA1E755FD8004BC1E1 /* UITextField+DWKit.m */ = {isa = PBXFileReference; fileEncoding = 4; lastKnownFileType = sourcecode.c.objc; path = "UITextField+DWKit.m"; sourceTree = "<group>"; };
		743577AC1E756DBD004BC1E1 /* UIViewController+DWKit.h */ = {isa = PBXFileReference; fileEncoding = 4; lastKnownFileType = sourcecode.c.h; path = "UIViewController+DWKit.h"; sourceTree = "<group>"; };
		743577AD1E756DBD004BC1E1 /* UIViewController+DWKit.m */ = {isa = PBXFileReference; fileEncoding = 4; lastKnownFileType = sourcecode.c.objc; path = "UIViewController+DWKit.m"; sourceTree = "<group>"; };
		743577AF1E757C41004BC1E1 /* NSDictionary+DWKit.h */ = {isa = PBXFileReference; fileEncoding = 4; lastKnownFileType = sourcecode.c.h; path = "NSDictionary+DWKit.h"; sourceTree = "<group>"; };
		743577B01E757C41004BC1E1 /* NSDictionary+DWKit.m */ = {isa = PBXFileReference; fileEncoding = 4; lastKnownFileType = sourcecode.c.objc; path = "NSDictionary+DWKit.m"; sourceTree = "<group>"; };
		743DBAE81EB613DF002009A9 /* DWRichTextEditSelectColorView.h */ = {isa = PBXFileReference; fileEncoding = 4; lastKnownFileType = sourcecode.c.h; path = DWRichTextEditSelectColorView.h; sourceTree = "<group>"; };
		743DBAE91EB613DF002009A9 /* DWRichTextEditSelectColorView.m */ = {isa = PBXFileReference; fileEncoding = 4; lastKnownFileType = sourcecode.c.objc; path = DWRichTextEditSelectColorView.m; sourceTree = "<group>"; };
		74513A7B1F9CEF4C007DD4E9 /* DWUtilAppInfo.h */ = {isa = PBXFileReference; lastKnownFileType = sourcecode.c.h; path = DWUtilAppInfo.h; sourceTree = "<group>"; };
		74513A7C1F9CEF4C007DD4E9 /* DWUtilAppInfo.m */ = {isa = PBXFileReference; lastKnownFileType = sourcecode.c.objc; path = DWUtilAppInfo.m; sourceTree = "<group>"; };
		7452F3EC1F49520F00278B8E /* UIWindow+DWKit.h */ = {isa = PBXFileReference; fileEncoding = 4; lastKnownFileType = sourcecode.c.h; path = "UIWindow+DWKit.h"; sourceTree = "<group>"; };
		7452F3ED1F49520F00278B8E /* UIWindow+DWKit.m */ = {isa = PBXFileReference; fileEncoding = 4; lastKnownFileType = sourcecode.c.objc; path = "UIWindow+DWKit.m"; sourceTree = "<group>"; };
		74544A24206555CB001E3FAD /* DWSingletonViewController.h */ = {isa = PBXFileReference; lastKnownFileType = sourcecode.c.h; path = DWSingletonViewController.h; sourceTree = "<group>"; };
		74544A25206555CB001E3FAD /* DWSingletonViewController.m */ = {isa = PBXFileReference; lastKnownFileType = sourcecode.c.objc; path = DWSingletonViewController.m; sourceTree = "<group>"; };
		74544A272069DC09001E3FAD /* DWAlgorithmViewController.h */ = {isa = PBXFileReference; lastKnownFileType = sourcecode.c.h; path = DWAlgorithmViewController.h; sourceTree = "<group>"; };
		74544A282069DC09001E3FAD /* DWAlgorithmViewController.m */ = {isa = PBXFileReference; lastKnownFileType = sourcecode.c.objc; path = DWAlgorithmViewController.m; sourceTree = "<group>"; };
		7454F4DB1EB8336700470525 /* DWUtilKit.h */ = {isa = PBXFileReference; fileEncoding = 4; lastKnownFileType = sourcecode.c.h; path = DWUtilKit.h; sourceTree = "<group>"; };
		7455A4941E80C9EE002CA176 /* CoreGraphics.framework */ = {isa = PBXFileReference; lastKnownFileType = wrapper.framework; name = CoreGraphics.framework; path = System/Library/Frameworks/CoreGraphics.framework; sourceTree = SDKROOT; };
		7455A4961E80D027002CA176 /* UIImage+DWKit.h */ = {isa = PBXFileReference; fileEncoding = 4; lastKnownFileType = sourcecode.c.h; path = "UIImage+DWKit.h"; sourceTree = "<group>"; };
		7455A4971E80D027002CA176 /* UIImage+DWKit.m */ = {isa = PBXFileReference; fileEncoding = 4; lastKnownFileType = sourcecode.c.objc; path = "UIImage+DWKit.m"; sourceTree = "<group>"; };
		745D26FF1ED7EFA0003BE00F /* DWUtilKitDemo.profdata */ = {isa = PBXFileReference; lastKnownFileType = file; path = DWUtilKitDemo.profdata; sourceTree = "<group>"; };
		745D27091ED94A19003BE00F /* DWDebugViewController.h */ = {isa = PBXFileReference; fileEncoding = 4; lastKnownFileType = sourcecode.c.h; path = DWDebugViewController.h; sourceTree = "<group>"; };
		745D270A1ED94A19003BE00F /* DWDebugViewController.m */ = {isa = PBXFileReference; fileEncoding = 4; lastKnownFileType = sourcecode.c.objc; path = DWDebugViewController.m; sourceTree = "<group>"; };
		745D270C1ED9564A003BE00F /* UIKit.framework */ = {isa = PBXFileReference; lastKnownFileType = wrapper.framework; name = UIKit.framework; path = System/Library/Frameworks/UIKit.framework; sourceTree = SDKROOT; };
		745D270E1ED95831003BE00F /* UIViewController+DWSystemDebug.h */ = {isa = PBXFileReference; fileEncoding = 4; lastKnownFileType = sourcecode.c.h; path = "UIViewController+DWSystemDebug.h"; sourceTree = "<group>"; };
		745D270F1ED95831003BE00F /* UIViewController+DWSystemDebug.m */ = {isa = PBXFileReference; fileEncoding = 4; lastKnownFileType = sourcecode.c.objc; path = "UIViewController+DWSystemDebug.m"; sourceTree = "<group>"; };
		747886101FD8E65F00040D36 /* DWViewController.h */ = {isa = PBXFileReference; lastKnownFileType = sourcecode.c.h; path = DWViewController.h; sourceTree = "<group>"; };
		747886111FD8E65F00040D36 /* DWViewController.m */ = {isa = PBXFileReference; lastKnownFileType = sourcecode.c.objc; path = DWViewController.m; sourceTree = "<group>"; };
		7479A3C91F5CE830008AD738 /* DWEdgeInsetViewController.h */ = {isa = PBXFileReference; fileEncoding = 4; lastKnownFileType = sourcecode.c.h; path = DWEdgeInsetViewController.h; sourceTree = "<group>"; };
		7479A3CA1F5CE830008AD738 /* DWEdgeInsetViewController.m */ = {isa = PBXFileReference; fileEncoding = 4; lastKnownFileType = sourcecode.c.objc; path = DWEdgeInsetViewController.m; sourceTree = "<group>"; };
		7479A3CB1F5CE830008AD738 /* DWSectionCellViewController.h */ = {isa = PBXFileReference; fileEncoding = 4; lastKnownFileType = sourcecode.c.h; path = DWSectionCellViewController.h; sourceTree = "<group>"; };
		7479A3CC1F5CE830008AD738 /* DWSectionCellViewController.m */ = {isa = PBXFileReference; fileEncoding = 4; lastKnownFileType = sourcecode.c.objc; path = DWSectionCellViewController.m; sourceTree = "<group>"; };
		7479A3CF1F5CE830008AD738 /* DWEdgeInsetTableViewCell.h */ = {isa = PBXFileReference; fileEncoding = 4; lastKnownFileType = sourcecode.c.h; path = DWEdgeInsetTableViewCell.h; sourceTree = "<group>"; };
		7479A3D01F5CE830008AD738 /* DWEdgeInsetTableViewCell.m */ = {isa = PBXFileReference; fileEncoding = 4; lastKnownFileType = sourcecode.c.objc; path = DWEdgeInsetTableViewCell.m; sourceTree = "<group>"; };
		7479A3D11F5CE830008AD738 /* DWTableViewCell.h */ = {isa = PBXFileReference; fileEncoding = 4; lastKnownFileType = sourcecode.c.h; path = DWTableViewCell.h; sourceTree = "<group>"; };
		7479A3D21F5CE830008AD738 /* DWTableViewCell.m */ = {isa = PBXFileReference; fileEncoding = 4; lastKnownFileType = sourcecode.c.objc; path = DWTableViewCell.m; sourceTree = "<group>"; };
		747FAB331E78D41E00AD3CFE /* NSObject+DWKit.h */ = {isa = PBXFileReference; fileEncoding = 4; lastKnownFileType = sourcecode.c.h; path = "NSObject+DWKit.h"; sourceTree = "<group>"; };
		747FAB341E78D41E00AD3CFE /* NSObject+DWKit.m */ = {isa = PBXFileReference; fileEncoding = 4; lastKnownFileType = sourcecode.c.objc; path = "NSObject+DWKit.m"; sourceTree = "<group>"; };
		747FAB361E78EC9A00AD3CFE /* UILabel+DWKit.h */ = {isa = PBXFileReference; fileEncoding = 4; lastKnownFileType = sourcecode.c.h; path = "UILabel+DWKit.h"; sourceTree = "<group>"; };
		747FAB371E78EC9A00AD3CFE /* UILabel+DWKit.m */ = {isa = PBXFileReference; fileEncoding = 4; lastKnownFileType = sourcecode.c.objc; path = "UILabel+DWKit.m"; sourceTree = "<group>"; };
		747FAB391E791AB100AD3CFE /* CALayer+DWKit.h */ = {isa = PBXFileReference; fileEncoding = 4; lastKnownFileType = sourcecode.c.h; path = "CALayer+DWKit.h"; sourceTree = "<group>"; };
		747FAB3A1E791AB100AD3CFE /* CALayer+DWKit.m */ = {isa = PBXFileReference; fileEncoding = 4; lastKnownFileType = sourcecode.c.objc; path = "CALayer+DWKit.m"; sourceTree = "<group>"; };
		747FAB3C1E7920CB00AD3CFE /* NSString+DWKit.h */ = {isa = PBXFileReference; fileEncoding = 4; lastKnownFileType = sourcecode.c.h; path = "NSString+DWKit.h"; sourceTree = "<group>"; };
		747FAB3D1E7920CB00AD3CFE /* NSString+DWKit.m */ = {isa = PBXFileReference; fileEncoding = 4; lastKnownFileType = sourcecode.c.objc; path = "NSString+DWKit.m"; sourceTree = "<group>"; };
		747FAB3F1E7926C900AD3CFE /* NSNumber+DWKit.h */ = {isa = PBXFileReference; fileEncoding = 4; lastKnownFileType = sourcecode.c.h; path = "NSNumber+DWKit.h"; sourceTree = "<group>"; };
		747FAB401E7926C900AD3CFE /* NSNumber+DWKit.m */ = {isa = PBXFileReference; fileEncoding = 4; lastKnownFileType = sourcecode.c.objc; path = "NSNumber+DWKit.m"; sourceTree = "<group>"; };
		748B72681F20AAD700BE1029 /* DWSendSMSViewController.m */ = {isa = PBXFileReference; lastKnownFileType = sourcecode.c.objc; path = DWSendSMSViewController.m; sourceTree = "<group>"; };
		748B72691F20AAD700BE1029 /* DWSkillViewController.m */ = {isa = PBXFileReference; lastKnownFileType = sourcecode.c.objc; path = DWSkillViewController.m; sourceTree = "<group>"; };
		748B726C1F20AAD700BE1029 /* DWSkillViewController.h */ = {isa = PBXFileReference; lastKnownFileType = sourcecode.c.h; path = DWSkillViewController.h; sourceTree = "<group>"; };
		748B726D1F20AAD700BE1029 /* DWSendSMSViewController.h */ = {isa = PBXFileReference; lastKnownFileType = sourcecode.c.h; path = DWSendSMSViewController.h; sourceTree = "<group>"; };
		748B726F1F20AAD700BE1029 /* DWGCDViewController.m */ = {isa = PBXFileReference; lastKnownFileType = sourcecode.c.objc; path = DWGCDViewController.m; sourceTree = "<group>"; };
		748B72701F20AAD700BE1029 /* DWDelegateViewController.m */ = {isa = PBXFileReference; lastKnownFileType = sourcecode.c.objc; path = DWDelegateViewController.m; sourceTree = "<group>"; };
		748B72711F20AAD700BE1029 /* DWGCDViewController.h */ = {isa = PBXFileReference; lastKnownFileType = sourcecode.c.h; path = DWGCDViewController.h; sourceTree = "<group>"; };
		748B72751F20AAD700BE1029 /* DWDelegateViewController.h */ = {isa = PBXFileReference; lastKnownFileType = sourcecode.c.h; path = DWDelegateViewController.h; sourceTree = "<group>"; };
		748B72761F20AB0C00BE1029 /* DWAnimationViewController.h */ = {isa = PBXFileReference; lastKnownFileType = sourcecode.c.h; path = DWAnimationViewController.h; sourceTree = "<group>"; };
		748B72771F20AB0C00BE1029 /* DWAnimationViewController.m */ = {isa = PBXFileReference; lastKnownFileType = sourcecode.c.objc; path = DWAnimationViewController.m; sourceTree = "<group>"; };
		74B6164F1E7FCCD4004D350B /* UITextView+DWKit.h */ = {isa = PBXFileReference; fileEncoding = 4; lastKnownFileType = sourcecode.c.h; path = "UITextView+DWKit.h"; sourceTree = "<group>"; };
		74B616501E7FCCD4004D350B /* UITextView+DWKit.m */ = {isa = PBXFileReference; fileEncoding = 4; lastKnownFileType = sourcecode.c.objc; path = "UITextView+DWKit.m"; sourceTree = "<group>"; };
		74BC7A361E95371500DAD94E /* DWPermissionUtil.h */ = {isa = PBXFileReference; fileEncoding = 4; lastKnownFileType = sourcecode.c.h; path = DWPermissionUtil.h; sourceTree = "<group>"; };
		74BC7A371E95371500DAD94E /* DWPermissionUtil.m */ = {isa = PBXFileReference; fileEncoding = 4; lastKnownFileType = sourcecode.c.objc; path = DWPermissionUtil.m; sourceTree = "<group>"; };
		74BC7A411E95DA1A00DAD94E /* UIDevice+DWKit.h */ = {isa = PBXFileReference; fileEncoding = 4; lastKnownFileType = sourcecode.c.h; path = "UIDevice+DWKit.h"; sourceTree = "<group>"; };
		74BC7A421E95DA1A00DAD94E /* UIDevice+DWKit.m */ = {isa = PBXFileReference; fileEncoding = 4; lastKnownFileType = sourcecode.c.objc; path = "UIDevice+DWKit.m"; sourceTree = "<group>"; };
		74BC7A441E95F89300DAD94E /* DWSettingUtil.h */ = {isa = PBXFileReference; fileEncoding = 4; lastKnownFileType = sourcecode.c.h; path = DWSettingUtil.h; sourceTree = "<group>"; };
		74BC7A451E95F89300DAD94E /* DWSettingUtil.m */ = {isa = PBXFileReference; fileEncoding = 4; lastKnownFileType = sourcecode.c.objc; path = DWSettingUtil.m; sourceTree = "<group>"; };
		74BC7A471E960C7B00DAD94E /* DWUtilKitDemo.entitlements */ = {isa = PBXFileReference; lastKnownFileType = text.plist.entitlements; path = DWUtilKitDemo.entitlements; sourceTree = "<group>"; };
		74D04A441FE8A6910019B861 /* DWRuntimeViewController.h */ = {isa = PBXFileReference; lastKnownFileType = sourcecode.c.h; path = DWRuntimeViewController.h; sourceTree = "<group>"; };
		74D04A451FE8A6910019B861 /* DWRuntimeViewController.m */ = {isa = PBXFileReference; lastKnownFileType = sourcecode.c.objc; path = DWRuntimeViewController.m; sourceTree = "<group>"; };
		74E359F71E7189C600AEDE10 /* main.m */ = {isa = PBXFileReference; lastKnownFileType = sourcecode.c.objc; path = main.m; sourceTree = "<group>"; };
		74E359F91E7189C600AEDE10 /* AppDelegate.h */ = {isa = PBXFileReference; lastKnownFileType = sourcecode.c.h; path = AppDelegate.h; sourceTree = "<group>"; };
		74E359FA1E7189C600AEDE10 /* AppDelegate.m */ = {isa = PBXFileReference; lastKnownFileType = sourcecode.c.objc; path = AppDelegate.m; sourceTree = "<group>"; };
		74E359FC1E7189C600AEDE10 /* ObjcViewController.h */ = {isa = PBXFileReference; lastKnownFileType = sourcecode.c.h; name = ObjcViewController.h; path = ../ObjcViewController.h; sourceTree = "<group>"; };
		74E359FD1E7189C600AEDE10 /* ObjcViewController.m */ = {isa = PBXFileReference; lastKnownFileType = sourcecode.c.objc; name = ObjcViewController.m; path = ../ObjcViewController.m; sourceTree = "<group>"; };
		74E35A001E7189C600AEDE10 /* Base */ = {isa = PBXFileReference; lastKnownFileType = file.storyboard; name = Base; path = Base.lproj/Main.storyboard; sourceTree = "<group>"; };
		74E35A021E7189C600AEDE10 /* Assets.xcassets */ = {isa = PBXFileReference; lastKnownFileType = folder.assetcatalog; path = Assets.xcassets; sourceTree = "<group>"; };
		74E35A051E7189C600AEDE10 /* Base */ = {isa = PBXFileReference; lastKnownFileType = file.storyboard; name = Base; path = Base.lproj/LaunchScreen.storyboard; sourceTree = "<group>"; };
		74E35A071E7189C600AEDE10 /* Info.plist */ = {isa = PBXFileReference; lastKnownFileType = text.plist.xml; path = Info.plist; sourceTree = "<group>"; };
		74E35A111E718A5400AEDE10 /* DWWeakProxy.h */ = {isa = PBXFileReference; fileEncoding = 4; lastKnownFileType = sourcecode.c.h; path = DWWeakProxy.h; sourceTree = "<group>"; };
		74E35A121E718A5400AEDE10 /* DWWeakProxy.m */ = {isa = PBXFileReference; fileEncoding = 4; lastKnownFileType = sourcecode.c.objc; path = DWWeakProxy.m; sourceTree = "<group>"; };
		74E35A151E718C6E00AEDE10 /* DWFPSLabel.h */ = {isa = PBXFileReference; fileEncoding = 4; lastKnownFileType = sourcecode.c.h; path = DWFPSLabel.h; sourceTree = "<group>"; };
		74E35A161E718C6E00AEDE10 /* DWFPSLabel.m */ = {isa = PBXFileReference; fileEncoding = 4; lastKnownFileType = sourcecode.c.objc; path = DWFPSLabel.m; sourceTree = "<group>"; };
		74E35A181E718E0E00AEDE10 /* DWLinearGradientView.h */ = {isa = PBXFileReference; fileEncoding = 4; lastKnownFileType = sourcecode.c.h; path = DWLinearGradientView.h; sourceTree = "<group>"; };
		74E35A191E718E0E00AEDE10 /* DWLinearGradientView.m */ = {isa = PBXFileReference; fileEncoding = 4; lastKnownFileType = sourcecode.c.objc; path = DWLinearGradientView.m; sourceTree = "<group>"; };
		74E35A1C1E726F1000AEDE10 /* NSDate+DWKit.h */ = {isa = PBXFileReference; fileEncoding = 4; lastKnownFileType = sourcecode.c.h; path = "NSDate+DWKit.h"; sourceTree = "<group>"; };
		74E35A1D1E726F1000AEDE10 /* NSDate+DWKit.m */ = {isa = PBXFileReference; fileEncoding = 4; lastKnownFileType = sourcecode.c.objc; path = "NSDate+DWKit.m"; sourceTree = "<group>"; };
		74EC50201ED6A4E2000A9E3C /* DWModel.h */ = {isa = PBXFileReference; fileEncoding = 4; lastKnownFileType = sourcecode.c.h; path = DWModel.h; sourceTree = "<group>"; };
		74EC50211ED6A4E2000A9E3C /* ModelClass.h */ = {isa = PBXFileReference; fileEncoding = 4; lastKnownFileType = sourcecode.c.h; path = ModelClass.h; sourceTree = "<group>"; };
		74EC50221ED6A4E2000A9E3C /* ModelClass.m */ = {isa = PBXFileReference; fileEncoding = 4; lastKnownFileType = sourcecode.c.objc; path = ModelClass.m; sourceTree = "<group>"; };
		74EC50231ED6A4E2000A9E3C /* NSObject+DWModel.h */ = {isa = PBXFileReference; fileEncoding = 4; lastKnownFileType = sourcecode.c.h; path = "NSObject+DWModel.h"; sourceTree = "<group>"; };
		74EC50241ED6A4E2000A9E3C /* NSObject+DWModel.m */ = {isa = PBXFileReference; fileEncoding = 4; lastKnownFileType = sourcecode.c.objc; path = "NSObject+DWModel.m"; sourceTree = "<group>"; };
		74EC50281ED6A50E000A9E3C /* NSArray+DWCrash.h */ = {isa = PBXFileReference; fileEncoding = 4; lastKnownFileType = sourcecode.c.h; path = "NSArray+DWCrash.h"; sourceTree = "<group>"; };
		74EC50291ED6A50E000A9E3C /* NSArray+DWCrash.m */ = {isa = PBXFileReference; fileEncoding = 4; lastKnownFileType = sourcecode.c.objc; lineEnding = 0; path = "NSArray+DWCrash.m"; sourceTree = "<group>"; };
		74EC502A1ED6A50E000A9E3C /* NSDictionary+DWCrash.h */ = {isa = PBXFileReference; fileEncoding = 4; lastKnownFileType = sourcecode.c.h; path = "NSDictionary+DWCrash.h"; sourceTree = "<group>"; };
		74EC502B1ED6A50E000A9E3C /* NSDictionary+DWCrash.m */ = {isa = PBXFileReference; fileEncoding = 4; lastKnownFileType = sourcecode.c.objc; path = "NSDictionary+DWCrash.m"; sourceTree = "<group>"; };
		74EC502C1ED6A50E000A9E3C /* NSNull+DWCrash.h */ = {isa = PBXFileReference; fileEncoding = 4; lastKnownFileType = sourcecode.c.h; path = "NSNull+DWCrash.h"; sourceTree = "<group>"; };
		74EC502D1ED6A50E000A9E3C /* NSNull+DWCrash.m */ = {isa = PBXFileReference; fileEncoding = 4; lastKnownFileType = sourcecode.c.objc; path = "NSNull+DWCrash.m"; sourceTree = "<group>"; };
		74EC50321ED6A516000A9E3C /* NSObject+DWLogUnicode.h */ = {isa = PBXFileReference; fileEncoding = 4; lastKnownFileType = sourcecode.c.h; path = "NSObject+DWLogUnicode.h"; sourceTree = "<group>"; };
		74EC50331ED6A516000A9E3C /* NSObject+DWLogUnicode.m */ = {isa = PBXFileReference; fileEncoding = 4; lastKnownFileType = sourcecode.c.objc; path = "NSObject+DWLogUnicode.m"; sourceTree = "<group>"; };
		74EC50351ED6A5ED000A9E3C /* NSObject+DWCrash.h */ = {isa = PBXFileReference; fileEncoding = 4; lastKnownFileType = sourcecode.c.h; path = "NSObject+DWCrash.h"; sourceTree = "<group>"; };
		74EC50361ED6A5ED000A9E3C /* NSObject+DWCrash.m */ = {isa = PBXFileReference; fileEncoding = 4; lastKnownFileType = sourcecode.c.objc; path = "NSObject+DWCrash.m"; sourceTree = "<group>"; };
		74F555311FEBD05200496E84 /* DWTestViewController.h */ = {isa = PBXFileReference; lastKnownFileType = sourcecode.c.h; path = DWTestViewController.h; sourceTree = "<group>"; };
		74F555321FEBD05200496E84 /* DWTestViewController.m */ = {isa = PBXFileReference; lastKnownFileType = sourcecode.c.objc; path = DWTestViewController.m; sourceTree = "<group>"; };
		74F7234D1F5B914800714DA0 /* DWRuntimeTest.h */ = {isa = PBXFileReference; fileEncoding = 4; lastKnownFileType = sourcecode.c.h; path = DWRuntimeTest.h; sourceTree = "<group>"; };
		74F7234E1F5B914800714DA0 /* DWRuntimeTest.m */ = {isa = PBXFileReference; fileEncoding = 4; lastKnownFileType = sourcecode.c.objc; path = DWRuntimeTest.m; sourceTree = "<group>"; };
		74F7235C1F5C295200714DA0 /* DWCollectionViewController.h */ = {isa = PBXFileReference; fileEncoding = 4; lastKnownFileType = sourcecode.c.h; path = DWCollectionViewController.h; sourceTree = "<group>"; };
		74F7235D1F5C295200714DA0 /* DWCollectionViewController.m */ = {isa = PBXFileReference; fileEncoding = 4; lastKnownFileType = sourcecode.c.objc; path = DWCollectionViewController.m; sourceTree = "<group>"; };
		86637C8533612731306936B8 /* Pods_DWUtilKitDemoTests.framework */ = {isa = PBXFileReference; explicitFileType = wrapper.framework; includeInIndex = 0; path = Pods_DWUtilKitDemoTests.framework; sourceTree = BUILT_PRODUCTS_DIR; };
		F91BE27A00E517414740AF8F /* Pods-DWUtilKitDemoTests.debug.xcconfig */ = {isa = PBXFileReference; includeInIndex = 1; lastKnownFileType = text.xcconfig; name = "Pods-DWUtilKitDemoTests.debug.xcconfig"; path = "Pods/Target Support Files/Pods-DWUtilKitDemoTests/Pods-DWUtilKitDemoTests.debug.xcconfig"; sourceTree = "<group>"; };
/* End PBXFileReference section */

/* Begin PBXFrameworksBuildPhase section */
		74E359F01E7189C600AEDE10 /* Frameworks */ = {
			isa = PBXFrameworksBuildPhase;
			buildActionMask = 2147483647;
			files = (
				745D270D1ED9564A003BE00F /* UIKit.framework in Frameworks */,
				7455A4951E80C9EE002CA176 /* CoreGraphics.framework in Frameworks */,
				B457EEBB3C5A9E31EB57CC02 /* Pods_DWUtilKitDemo.framework in Frameworks */,
			);
			runOnlyForDeploymentPostprocessing = 0;
		};
/* End PBXFrameworksBuildPhase section */

/* Begin PBXGroup section */
		3AF117EF41F8E302E91B11E0 /* Pods */ = {
			isa = PBXGroup;
			children = (
				4E5082B3BFFD185D39C9A663 /* Pods-DWUtilKitDemo.debug.xcconfig */,
				43DFB081E7D85AD9BD3D052D /* Pods-DWUtilKitDemo.release.xcconfig */,
				F91BE27A00E517414740AF8F /* Pods-DWUtilKitDemoTests.debug.xcconfig */,
				3A6E1C81FBBE2824B1DCBA79 /* Pods-DWUtilKitDemoTests.release.xcconfig */,
			);
			name = Pods;
			sourceTree = "<group>";
		};
		742B3DD21E93CCD900EA891F /* Objective-C */ = {
			isa = PBXGroup;
			children = (
				74E359FC1E7189C600AEDE10 /* ObjcViewController.h */,
				74E359FD1E7189C600AEDE10 /* ObjcViewController.m */,
				74F7234C1F5B913700714DA0 /* Runtime */,
				742CF54820561DE2000BD92B /* KVO */,
				7479A3C71F5CE830008AD738 /* TableViewCell */,
				745D27071ED94A0D003BE00F /* Debug */,
				74EA7FE61ECA99CE002C63E5 /* Other */,
				742B3DD31E93CD2B00EA891F /* RichTextEdit */,
			);
			name = "Objective-C";
			path = Classes;
			sourceTree = "<group>";
		};
		742B3DD31E93CD2B00EA891F /* RichTextEdit */ = {
			isa = PBXGroup;
			children = (
				742B3DD51E93CD2B00EA891F /* ViewController */,
			);
			path = RichTextEdit;
			sourceTree = "<group>";
		};
		742B3DD51E93CD2B00EA891F /* ViewController */ = {
			isa = PBXGroup;
			children = (
				742B3DD61E93CD5100EA891F /* DWRichTextEditViewController.h */,
				742B3DD71E93CD5100EA891F /* DWRichTextEditViewController.m */,
				742B3DDA1E93D7AA00EA891F /* DWRichTextEditToolBar.h */,
				742B3DDB1E93D7AA00EA891F /* DWRichTextEditToolBar.m */,
				743DBAE81EB613DF002009A9 /* DWRichTextEditSelectColorView.h */,
				743DBAE91EB613DF002009A9 /* DWRichTextEditSelectColorView.m */,
			);
			path = ViewController;
			sourceTree = "<group>";
		};
		742CF54820561DE2000BD92B /* KVO */ = {
			isa = PBXGroup;
			children = (
				742CF54B20561E0D000BD92B /* DWKVOViewController.h */,
				742CF54C20561E0D000BD92B /* DWKVOViewController.m */,
			);
			path = KVO;
			sourceTree = "<group>";
		};
		7455A4931E80C9EE002CA176 /* Frameworks */ = {
			isa = PBXGroup;
			children = (
				745D270C1ED9564A003BE00F /* UIKit.framework */,
				7455A4941E80C9EE002CA176 /* CoreGraphics.framework */,
				217F9670BB59BC29A882F736 /* Pods_DWUtilKitDemo.framework */,
				86637C8533612731306936B8 /* Pods_DWUtilKitDemoTests.framework */,
			);
			name = Frameworks;
			sourceTree = "<group>";
		};
		745D26FE1ED7EFA0003BE00F /* OptimizationProfiles */ = {
			isa = PBXGroup;
			children = (
				745D26FF1ED7EFA0003BE00F /* DWUtilKitDemo.profdata */,
			);
			path = OptimizationProfiles;
			sourceTree = "<group>";
		};
		745D27071ED94A0D003BE00F /* Debug */ = {
			isa = PBXGroup;
			children = (
				745D27081ED94A0D003BE00F /* Controller */,
			);
			path = Debug;
			sourceTree = "<group>";
		};
		745D27081ED94A0D003BE00F /* Controller */ = {
			isa = PBXGroup;
			children = (
				745D27091ED94A19003BE00F /* DWDebugViewController.h */,
				745D270A1ED94A19003BE00F /* DWDebugViewController.m */,
			);
			path = Controller;
			sourceTree = "<group>";
		};
		7479A3C71F5CE830008AD738 /* TableViewCell */ = {
			isa = PBXGroup;
			children = (
				7479A3C81F5CE830008AD738 /* Controller */,
				7479A3CD1F5CE830008AD738 /* Model */,
				7479A3CE1F5CE830008AD738 /* View */,
			);
			path = TableViewCell;
			sourceTree = "<group>";
		};
		7479A3C81F5CE830008AD738 /* Controller */ = {
			isa = PBXGroup;
			children = (
				7479A3C91F5CE830008AD738 /* DWEdgeInsetViewController.h */,
				7479A3CA1F5CE830008AD738 /* DWEdgeInsetViewController.m */,
				7479A3CB1F5CE830008AD738 /* DWSectionCellViewController.h */,
				7479A3CC1F5CE830008AD738 /* DWSectionCellViewController.m */,
			);
			path = Controller;
			sourceTree = "<group>";
		};
		7479A3CD1F5CE830008AD738 /* Model */ = {
			isa = PBXGroup;
			children = (
			);
			path = Model;
			sourceTree = "<group>";
		};
		7479A3CE1F5CE830008AD738 /* View */ = {
			isa = PBXGroup;
			children = (
				7479A3CF1F5CE830008AD738 /* DWEdgeInsetTableViewCell.h */,
				7479A3D01F5CE830008AD738 /* DWEdgeInsetTableViewCell.m */,
				7479A3D11F5CE830008AD738 /* DWTableViewCell.h */,
				7479A3D21F5CE830008AD738 /* DWTableViewCell.m */,
			);
			path = View;
			sourceTree = "<group>";
		};
		74E359EA1E7189C600AEDE10 = {
			isa = PBXGroup;
			children = (
				7417AAD61F95F72500ADCF2C /* DWUtilKit.podspec */,
				74E359F51E7189C600AEDE10 /* DWUtilKitDemo */,
				7455A4931E80C9EE002CA176 /* Frameworks */,
				3AF117EF41F8E302E91B11E0 /* Pods */,
				745D26FE1ED7EFA0003BE00F /* OptimizationProfiles */,
				740C9EDA1F56E5F600A0A228 /* DWUtilKitDemo.app */,
			);
			sourceTree = "<group>";
		};
		74E359F51E7189C600AEDE10 /* DWUtilKitDemo */ = {
			isa = PBXGroup;
			children = (
				74BC7A471E960C7B00DAD94E /* DWUtilKitDemo.entitlements */,
				74EC50311ED6A516000A9E3C /* DWLogUnicode */,
				74EC50271ED6A50E000A9E3C /* DWCrashSafe */,
				74E35A0D1E7189FA00AEDE10 /* DWUtilKit */,
				74FB42CD1ECC3E0400195312 /* DWCommonUtil */,
				742B3DD21E93CCD900EA891F /* Objective-C */,
				74E359F91E7189C600AEDE10 /* AppDelegate.h */,
				74E359FA1E7189C600AEDE10 /* AppDelegate.m */,
				742B3DD91E93CF4600EA891F /* DWUtilKitPch.pch */,
				747886101FD8E65F00040D36 /* DWViewController.h */,
				747886111FD8E65F00040D36 /* DWViewController.m */,
				74E359FF1E7189C600AEDE10 /* Main.storyboard */,
				74E35A021E7189C600AEDE10 /* Assets.xcassets */,
				74E35A041E7189C600AEDE10 /* LaunchScreen.storyboard */,
				74E35A071E7189C600AEDE10 /* Info.plist */,
				74E359F61E7189C600AEDE10 /* Supporting Files */,
			);
			path = DWUtilKitDemo;
			sourceTree = "<group>";
		};
		74E359F61E7189C600AEDE10 /* Supporting Files */ = {
			isa = PBXGroup;
			children = (
				74E359F71E7189C600AEDE10 /* main.m */,
			);
			name = "Supporting Files";
			sourceTree = "<group>";
		};
		74E35A0D1E7189FA00AEDE10 /* DWUtilKit */ = {
			isa = PBXGroup;
			children = (
				74EC501F1ED6A4E2000A9E3C /* Model */,
				74E35A0E1E7189FA00AEDE10 /* Category */,
				74E35A0F1E7189FA00AEDE10 /* Util */,
				74E35A101E7189FA00AEDE10 /* View */,
				7454F4DB1EB8336700470525 /* DWUtilKit.h */,
			);
			path = DWUtilKit;
			sourceTree = "<group>";
		};
		74E35A0E1E7189FA00AEDE10 /* Category */ = {
			isa = PBXGroup;
			children = (
				7435779D1E754641004BC1E1 /* UIView+DWKit.h */,
				7435779E1E754641004BC1E1 /* UIView+DWKit.m */,
				743577A01E755940004BC1E1 /* UIFont+DWKit.h */,
				743577A11E755940004BC1E1 /* UIFont+DWKit.m */,
				747FAB361E78EC9A00AD3CFE /* UILabel+DWKit.h */,
				747FAB371E78EC9A00AD3CFE /* UILabel+DWKit.m */,
				743577A61E755B95004BC1E1 /* UIColor+DWKit.h */,
				743577A71E755B95004BC1E1 /* UIColor+DWKit.m */,
				7455A4961E80D027002CA176 /* UIImage+DWKit.h */,
				7455A4971E80D027002CA176 /* UIImage+DWKit.m */,
				7435779A1E7544EA004BC1E1 /* UIButton+DWKit.h */,
				7435779B1E7544EA004BC1E1 /* UIButton+DWKit.m */,
				74BC7A411E95DA1A00DAD94E /* UIDevice+DWKit.h */,
				74BC7A421E95DA1A00DAD94E /* UIDevice+DWKit.m */,
				743577A91E755FD8004BC1E1 /* UITextField+DWKit.h */,
				743577AA1E755FD8004BC1E1 /* UITextField+DWKit.m */,
				74B6164F1E7FCCD4004D350B /* UITextView+DWKit.h */,
				74B616501E7FCCD4004D350B /* UITextView+DWKit.m */,
				743577AC1E756DBD004BC1E1 /* UIViewController+DWKit.h */,
				743577AD1E756DBD004BC1E1 /* UIViewController+DWKit.m */,
				74E35A1C1E726F1000AEDE10 /* NSDate+DWKit.h */,
				74E35A1D1E726F1000AEDE10 /* NSDate+DWKit.m */,
				747FAB331E78D41E00AD3CFE /* NSObject+DWKit.h */,
				747FAB341E78D41E00AD3CFE /* NSObject+DWKit.m */,
				743577AF1E757C41004BC1E1 /* NSDictionary+DWKit.h */,
				743577B01E757C41004BC1E1 /* NSDictionary+DWKit.m */,
				743577A31E755B10004BC1E1 /* NSAttributedString+DWKit.h */,
				743577A41E755B10004BC1E1 /* NSAttributedString+DWKit.m */,
				747FAB3C1E7920CB00AD3CFE /* NSString+DWKit.h */,
				747FAB3D1E7920CB00AD3CFE /* NSString+DWKit.m */,
				747FAB3F1E7926C900AD3CFE /* NSNumber+DWKit.h */,
				747FAB401E7926C900AD3CFE /* NSNumber+DWKit.m */,
				747FAB391E791AB100AD3CFE /* CALayer+DWKit.h */,
				747FAB3A1E791AB100AD3CFE /* CALayer+DWKit.m */,
				7452F3EC1F49520F00278B8E /* UIWindow+DWKit.h */,
				7452F3ED1F49520F00278B8E /* UIWindow+DWKit.m */,
				740EAF6C20177E6B00565218 /* NSURL+DWKit.h */,
				740EAF6D20177E6B00565218 /* NSURL+DWKit.m */,
				7417AAD01F95EEEE00ADCF2C /* UIScrollView+DWAdapterIOS11.h */,
				7417AAD11F95EEEE00ADCF2C /* UIScrollView+DWAdapterIOS11.m */,
				7417AAD31F95EF3200ADCF2C /* UITableView+DWAdapterIOS11.h */,
				7417AAD41F95EF3200ADCF2C /* UITableView+DWAdapterIOS11.m */,
			);
			path = Category;
			sourceTree = "<group>";
		};
		74E35A0F1E7189FA00AEDE10 /* Util */ = {
			isa = PBXGroup;
			children = (
				74E35A111E718A5400AEDE10 /* DWWeakProxy.h */,
				74E35A121E718A5400AEDE10 /* DWWeakProxy.m */,
				742F07AE1E8369E500ABEDA8 /* DWUtilities.h */,
				742F07AF1E8369E500ABEDA8 /* DWUtilities.m */,
				74BC7A361E95371500DAD94E /* DWPermissionUtil.h */,
				74BC7A371E95371500DAD94E /* DWPermissionUtil.m */,
				74BC7A441E95F89300DAD94E /* DWSettingUtil.h */,
				74BC7A451E95F89300DAD94E /* DWSettingUtil.m */,
				74513A7B1F9CEF4C007DD4E9 /* DWUtilAppInfo.h */,
				74513A7C1F9CEF4C007DD4E9 /* DWUtilAppInfo.m */,
			);
			path = Util;
			sourceTree = "<group>";
		};
		74E35A101E7189FA00AEDE10 /* View */ = {
			isa = PBXGroup;
			children = (
				74E35A151E718C6E00AEDE10 /* DWFPSLabel.h */,
				74E35A161E718C6E00AEDE10 /* DWFPSLabel.m */,
				74E35A181E718E0E00AEDE10 /* DWLinearGradientView.h */,
				74E35A191E718E0E00AEDE10 /* DWLinearGradientView.m */,
			);
			path = View;
			sourceTree = "<group>";
		};
		74EA7FE61ECA99CE002C63E5 /* Other */ = {
			isa = PBXGroup;
			children = (
				74544A24206555CB001E3FAD /* DWSingletonViewController.h */,
				74544A25206555CB001E3FAD /* DWSingletonViewController.m */,
				748B72711F20AAD700BE1029 /* DWGCDViewController.h */,
				748B726F1F20AAD700BE1029 /* DWGCDViewController.m */,
				748B72751F20AAD700BE1029 /* DWDelegateViewController.h */,
				748B72701F20AAD700BE1029 /* DWDelegateViewController.m */,
				7412C0581FBD6F4B00256898 /* DWWebViewController.h */,
				7412C0591FBD6F4B00256898 /* DWWebViewController.m */,
				748B726D1F20AAD700BE1029 /* DWSendSMSViewController.h */,
				748B72681F20AAD700BE1029 /* DWSendSMSViewController.m */,
				748B726C1F20AAD700BE1029 /* DWSkillViewController.h */,
				748B72691F20AAD700BE1029 /* DWSkillViewController.m */,
				748B72761F20AB0C00BE1029 /* DWAnimationViewController.h */,
				748B72771F20AB0C00BE1029 /* DWAnimationViewController.m */,
				740C9EB11F55A1F400A0A228 /* DWDramImageViewController.h */,
				740C9EB21F55A1F400A0A228 /* DWDramImageViewController.m */,
				74F7235C1F5C295200714DA0 /* DWCollectionViewController.h */,
				74F7235D1F5C295200714DA0 /* DWCollectionViewController.m */,
				74F555311FEBD05200496E84 /* DWTestViewController.h */,
				74F555321FEBD05200496E84 /* DWTestViewController.m */,
				74544A272069DC09001E3FAD /* DWAlgorithmViewController.h */,
				74544A282069DC09001E3FAD /* DWAlgorithmViewController.m */,
			);
			path = Other;
			sourceTree = "<group>";
		};
		74EC501F1ED6A4E2000A9E3C /* Model */ = {
			isa = PBXGroup;
			children = (
				74EC50201ED6A4E2000A9E3C /* DWModel.h */,
				74EC50211ED6A4E2000A9E3C /* ModelClass.h */,
				74EC50221ED6A4E2000A9E3C /* ModelClass.m */,
				74EC50231ED6A4E2000A9E3C /* NSObject+DWModel.h */,
				74EC50241ED6A4E2000A9E3C /* NSObject+DWModel.m */,
			);
			path = Model;
			sourceTree = "<group>";
		};
		74EC50271ED6A50E000A9E3C /* DWCrashSafe */ = {
			isa = PBXGroup;
			children = (
				74EC50351ED6A5ED000A9E3C /* NSObject+DWCrash.h */,
				74EC50361ED6A5ED000A9E3C /* NSObject+DWCrash.m */,
				74EC50281ED6A50E000A9E3C /* NSArray+DWCrash.h */,
				74EC50291ED6A50E000A9E3C /* NSArray+DWCrash.m */,
				74EC502A1ED6A50E000A9E3C /* NSDictionary+DWCrash.h */,
				74EC502B1ED6A50E000A9E3C /* NSDictionary+DWCrash.m */,
				74EC502C1ED6A50E000A9E3C /* NSNull+DWCrash.h */,
				74EC502D1ED6A50E000A9E3C /* NSNull+DWCrash.m */,
			);
			path = DWCrashSafe;
			sourceTree = "<group>";
		};
		74EC50311ED6A516000A9E3C /* DWLogUnicode */ = {
			isa = PBXGroup;
			children = (
				74EC50321ED6A516000A9E3C /* NSObject+DWLogUnicode.h */,
				74EC50331ED6A516000A9E3C /* NSObject+DWLogUnicode.m */,
			);
			path = DWLogUnicode;
			sourceTree = "<group>";
		};
		74F7234C1F5B913700714DA0 /* Runtime */ = {
			isa = PBXGroup;
			children = (
				743050841FD00FE8009D97CB /* DWRuntimeTest.cpp */,
				74F7234D1F5B914800714DA0 /* DWRuntimeTest.h */,
				74F7234E1F5B914800714DA0 /* DWRuntimeTest.m */,
				74D04A441FE8A6910019B861 /* DWRuntimeViewController.h */,
				74D04A451FE8A6910019B861 /* DWRuntimeViewController.m */,
			);
			path = Runtime;
			sourceTree = "<group>";
		};
		74FB42CD1ECC3E0400195312 /* DWCommonUtil */ = {
			isa = PBXGroup;
			children = (
				741B34EB1ED31AD3007D4278 /* NSAttributedString+DWUtil.h */,
				741B34EC1ED31AD3007D4278 /* NSAttributedString+DWUtil.m */,
				741B34ED1ED31AD3007D4278 /* NSTextAttachment+DWUtil.h */,
				741B34EE1ED31AD3007D4278 /* NSTextAttachment+DWUtil.m */,
				745D270E1ED95831003BE00F /* UIViewController+DWSystemDebug.h */,
				745D270F1ED95831003BE00F /* UIViewController+DWSystemDebug.m */,
			);
			path = DWCommonUtil;
			sourceTree = "<group>";
		};
/* End PBXGroup section */

/* Begin PBXNativeTarget section */
		74E359F21E7189C600AEDE10 /* DWUtilKitDemo */ = {
			isa = PBXNativeTarget;
			buildConfigurationList = 74E35A0A1E7189C600AEDE10 /* Build configuration list for PBXNativeTarget "DWUtilKitDemo" */;
			buildPhases = (
				35987218A91B40A0FB0DE1F4 /* [CP] Check Pods Manifest.lock */,
				74E359EF1E7189C600AEDE10 /* Sources */,
				74E359F01E7189C600AEDE10 /* Frameworks */,
				74E359F11E7189C600AEDE10 /* Resources */,
				A6644330BE3C410710CD9C47 /* [CP] Embed Pods Frameworks */,
				9359F1A2717B66F11DCE7613 /* [CP] Copy Pods Resources */,
			);
			buildRules = (
			);
			dependencies = (
			);
			name = DWUtilKitDemo;
			productName = DWUtilKitDemo;
			productReference = 740C9EDA1F56E5F600A0A228 /* DWUtilKitDemo.app */;
			productType = "com.apple.product-type.application";
		};
/* End PBXNativeTarget section */

/* Begin PBXProject section */
		74E359EB1E7189C600AEDE10 /* Project object */ = {
			isa = PBXProject;
			attributes = {
				LastSwiftUpdateCheck = 0830;
				LastUpgradeCheck = 0820;
				ORGANIZATIONNAME = duxing;
				TargetAttributes = {
					74E359F21E7189C600AEDE10 = {
						CreatedOnToolsVersion = 8.2.1;
						DevelopmentTeam = VM764RFM6S;
						LastSwiftMigration = 0820;
						ProvisioningStyle = Automatic;
						SystemCapabilities = {
							com.apple.Push = {
								enabled = 0;
							};
						};
					};
				};
			};
			buildConfigurationList = 74E359EE1E7189C600AEDE10 /* Build configuration list for PBXProject "DWUtilKitDemo" */;
			compatibilityVersion = "Xcode 3.2";
			developmentRegion = English;
			hasScannedForEncodings = 0;
			knownRegions = (
				en,
				Base,
			);
			mainGroup = 74E359EA1E7189C600AEDE10;
			productRefGroup = 74E359EA1E7189C600AEDE10;
			projectDirPath = "";
			projectRoot = "";
			targets = (
				74E359F21E7189C600AEDE10 /* DWUtilKitDemo */,
			);
		};
/* End PBXProject section */

/* Begin PBXResourcesBuildPhase section */
		74E359F11E7189C600AEDE10 /* Resources */ = {
			isa = PBXResourcesBuildPhase;
			buildActionMask = 2147483647;
			files = (
				74E35A061E7189C600AEDE10 /* LaunchScreen.storyboard in Resources */,
				74E35A031E7189C600AEDE10 /* Assets.xcassets in Resources */,
				74E35A011E7189C600AEDE10 /* Main.storyboard in Resources */,
			);
			runOnlyForDeploymentPostprocessing = 0;
		};
/* End PBXResourcesBuildPhase section */

/* Begin PBXShellScriptBuildPhase section */
		35987218A91B40A0FB0DE1F4 /* [CP] Check Pods Manifest.lock */ = {
			isa = PBXShellScriptBuildPhase;
			buildActionMask = 2147483647;
			files = (
			);
			inputPaths = (
				"${PODS_PODFILE_DIR_PATH}/Podfile.lock",
				"${PODS_ROOT}/Manifest.lock",
			);
			name = "[CP] Check Pods Manifest.lock";
			outputPaths = (
				"$(DERIVED_FILE_DIR)/Pods-DWUtilKitDemo-checkManifestLockResult.txt",
			);
			runOnlyForDeploymentPostprocessing = 0;
			shellPath = /bin/sh;
			shellScript = "diff \"${PODS_PODFILE_DIR_PATH}/Podfile.lock\" \"${PODS_ROOT}/Manifest.lock\" > /dev/null\nif [ $? != 0 ] ; then\n    # print error to STDERR\n    echo \"error: The sandbox is not in sync with the Podfile.lock. Run 'pod install' or update your CocoaPods installation.\" >&2\n    exit 1\nfi\n# This output is used by Xcode 'outputs' to avoid re-running this script phase.\necho \"SUCCESS\" > \"${SCRIPT_OUTPUT_FILE_0}\"\n";
			showEnvVarsInLog = 0;
		};
		9359F1A2717B66F11DCE7613 /* [CP] Copy Pods Resources */ = {
			isa = PBXShellScriptBuildPhase;
			buildActionMask = 2147483647;
			files = (
			);
			inputPaths = (
				"${SRCROOT}/Pods/Target Support Files/Pods-DWUtilKitDemo/Pods-DWUtilKitDemo-resources.sh",
				"${PODS_ROOT}/UMengUShare/UShareSDK/UMSocialSDK/UMSocialSDKPromptResources.bundle",
				"${PODS_ROOT}/UMengUShare/UShareSDK/SocialLibraries/QQ/QQSDK/TencentOpenApi_IOS_Bundle.bundle",
				"${PODS_ROOT}/UMengUShare/UShareSDK/UMSocialUI/UMSocialSDKResources.bundle",
			);
			name = "[CP] Copy Pods Resources";
			outputPaths = (
				"${TARGET_BUILD_DIR}/${UNLOCALIZED_RESOURCES_FOLDER_PATH}",
			);
			runOnlyForDeploymentPostprocessing = 0;
			shellPath = /bin/sh;
			shellScript = "\"${SRCROOT}/Pods/Target Support Files/Pods-DWUtilKitDemo/Pods-DWUtilKitDemo-resources.sh\"\n";
			showEnvVarsInLog = 0;
		};
		A6644330BE3C410710CD9C47 /* [CP] Embed Pods Frameworks */ = {
			isa = PBXShellScriptBuildPhase;
			buildActionMask = 2147483647;
			files = (
			);
			inputPaths = (
				"${SRCROOT}/Pods/Target Support Files/Pods-DWUtilKitDemo/Pods-DWUtilKitDemo-frameworks.sh",
				"${BUILT_PRODUCTS_DIR}/AFNetworking/AFNetworking.framework",
				"${BUILT_PRODUCTS_DIR}/AutoCoding/AutoCoding.framework",
				"${BUILT_PRODUCTS_DIR}/DTFoundation/DTFoundation.framework",
				"${BUILT_PRODUCTS_DIR}/DZNEmptyDataSet/DZNEmptyDataSet.framework",
				"${BUILT_PRODUCTS_DIR}/FLAnimatedImage/FLAnimatedImage.framework",
				"${BUILT_PRODUCTS_DIR}/IGListKit/IGListKit.framework",
				"${BUILT_PRODUCTS_DIR}/JSONModel/JSONModel.framework",
				"${BUILT_PRODUCTS_DIR}/Masonry/Masonry.framework",
				"${BUILT_PRODUCTS_DIR}/SDWebImage/SDWebImage.framework",
				"${BUILT_PRODUCTS_DIR}/YTKNetwork/YTKNetwork.framework",
				"${BUILT_PRODUCTS_DIR}/YYModel/YYModel.framework",
				"${BUILT_PRODUCTS_DIR}/libwebp/libwebp.framework",
				"${BUILT_PRODUCTS_DIR}/pop/pop.framework",
			);
			name = "[CP] Embed Pods Frameworks";
			outputPaths = (
				"${TARGET_BUILD_DIR}/${FRAMEWORKS_FOLDER_PATH}/AFNetworking.framework",
				"${TARGET_BUILD_DIR}/${FRAMEWORKS_FOLDER_PATH}/AutoCoding.framework",
				"${TARGET_BUILD_DIR}/${FRAMEWORKS_FOLDER_PATH}/DTFoundation.framework",
				"${TARGET_BUILD_DIR}/${FRAMEWORKS_FOLDER_PATH}/DZNEmptyDataSet.framework",
				"${TARGET_BUILD_DIR}/${FRAMEWORKS_FOLDER_PATH}/FLAnimatedImage.framework",
				"${TARGET_BUILD_DIR}/${FRAMEWORKS_FOLDER_PATH}/IGListKit.framework",
				"${TARGET_BUILD_DIR}/${FRAMEWORKS_FOLDER_PATH}/JSONModel.framework",
				"${TARGET_BUILD_DIR}/${FRAMEWORKS_FOLDER_PATH}/Masonry.framework",
				"${TARGET_BUILD_DIR}/${FRAMEWORKS_FOLDER_PATH}/SDWebImage.framework",
				"${TARGET_BUILD_DIR}/${FRAMEWORKS_FOLDER_PATH}/YTKNetwork.framework",
				"${TARGET_BUILD_DIR}/${FRAMEWORKS_FOLDER_PATH}/YYModel.framework",
				"${TARGET_BUILD_DIR}/${FRAMEWORKS_FOLDER_PATH}/libwebp.framework",
				"${TARGET_BUILD_DIR}/${FRAMEWORKS_FOLDER_PATH}/pop.framework",
			);
			runOnlyForDeploymentPostprocessing = 0;
			shellPath = /bin/sh;
			shellScript = "\"${SRCROOT}/Pods/Target Support Files/Pods-DWUtilKitDemo/Pods-DWUtilKitDemo-frameworks.sh\"\n";
			showEnvVarsInLog = 0;
		};
/* End PBXShellScriptBuildPhase section */

/* Begin PBXSourcesBuildPhase section */
		74E359EF1E7189C600AEDE10 /* Sources */ = {
			isa = PBXSourcesBuildPhase;
			buildActionMask = 2147483647;
			files = (
				743577AE1E756DBD004BC1E1 /* UIViewController+DWKit.m in Sources */,
				7479A3D51F5CE830008AD738 /* DWEdgeInsetViewController.m in Sources */,
				7479A3D81F5CE830008AD738 /* DWTableViewCell.m in Sources */,
				74EC50341ED6A516000A9E3C /* NSObject+DWLogUnicode.m in Sources */,
				74EC50301ED6A50E000A9E3C /* NSNull+DWCrash.m in Sources */,
				747FAB351E78D41E00AD3CFE /* NSObject+DWKit.m in Sources */,
				74EC50251ED6A4E2000A9E3C /* ModelClass.m in Sources */,
				7417AAD51F95EF3200ADCF2C /* UITableView+DWAdapterIOS11.m in Sources */,
				742F07B01E8369E500ABEDA8 /* DWUtilities.m in Sources */,
				742CF54D20561E0D000BD92B /* DWKVOViewController.m in Sources */,
				7435779F1E754641004BC1E1 /* UIView+DWKit.m in Sources */,
				745D27101ED95831003BE00F /* UIViewController+DWSystemDebug.m in Sources */,
				740EAF6E20177E6B00565218 /* NSURL+DWKit.m in Sources */,
				743577A81E755B95004BC1E1 /* UIColor+DWKit.m in Sources */,
				74BC7A381E95371500DAD94E /* DWPermissionUtil.m in Sources */,
				748B72781F20AB0C00BE1029 /* DWAnimationViewController.m in Sources */,
				747FAB381E78EC9A00AD3CFE /* UILabel+DWKit.m in Sources */,
				742B3DDC1E93D7AA00EA891F /* DWRichTextEditToolBar.m in Sources */,
				74BC7A431E95DA1A00DAD94E /* UIDevice+DWKit.m in Sources */,
				74E35A1A1E718E0E00AEDE10 /* DWLinearGradientView.m in Sources */,
				745D270B1ED94A19003BE00F /* DWDebugViewController.m in Sources */,
				743577AB1E755FD8004BC1E1 /* UITextField+DWKit.m in Sources */,
				74513A7D1F9CEF4C007DD4E9 /* DWUtilAppInfo.m in Sources */,
				74B616511E7FCCD4004D350B /* UITextView+DWKit.m in Sources */,
				743577B11E757C41004BC1E1 /* NSDictionary+DWKit.m in Sources */,
				74E359FE1E7189C600AEDE10 /* ObjcViewController.m in Sources */,
				747FAB3E1E7920CB00AD3CFE /* NSString+DWKit.m in Sources */,
				74E35A1E1E726F1000AEDE10 /* NSDate+DWKit.m in Sources */,
				741B34EF1ED31AD3007D4278 /* NSAttributedString+DWUtil.m in Sources */,
				7479A3D61F5CE830008AD738 /* DWSectionCellViewController.m in Sources */,
				74EC502E1ED6A50E000A9E3C /* NSArray+DWCrash.m in Sources */,
				740C9EB31F55A1F400A0A228 /* DWDramImageViewController.m in Sources */,
				743DBAEA1EB613DF002009A9 /* DWRichTextEditSelectColorView.m in Sources */,
				747FAB411E7926C900AD3CFE /* NSNumber+DWKit.m in Sources */,
				74EC502F1ED6A50E000A9E3C /* NSDictionary+DWCrash.m in Sources */,
				748B727E1F20B46F00BE1029 /* DWSendSMSViewController.m in Sources */,
				7417AAD21F95EEEE00ADCF2C /* UIScrollView+DWAdapterIOS11.m in Sources */,
				7435779C1E7544EA004BC1E1 /* UIButton+DWKit.m in Sources */,
				74E35A131E718A5400AEDE10 /* DWWeakProxy.m in Sources */,
				747886121FD8E65F00040D36 /* DWViewController.m in Sources */,
				74E35A171E718C6E00AEDE10 /* DWFPSLabel.m in Sources */,
				74F555331FEBD05200496E84 /* DWTestViewController.m in Sources */,
				747FAB3B1E791AB100AD3CFE /* CALayer+DWKit.m in Sources */,
				743577A51E755B10004BC1E1 /* NSAttributedString+DWKit.m in Sources */,
				748B727A1F20B46400BE1029 /* DWGCDViewController.m in Sources */,
				748B72791F20B45F00BE1029 /* DWDelegateViewController.m in Sources */,
				74E359FB1E7189C600AEDE10 /* AppDelegate.m in Sources */,
				74544A292069DC09001E3FAD /* DWAlgorithmViewController.m in Sources */,
				741B34F01ED31AD3007D4278 /* NSTextAttachment+DWUtil.m in Sources */,
				74D04A461FE8A6910019B861 /* DWRuntimeViewController.m in Sources */,
				742B3DD81E93CD5100EA891F /* DWRichTextEditViewController.m in Sources */,
				7479A3D71F5CE830008AD738 /* DWEdgeInsetTableViewCell.m in Sources */,
				7412C05A1FBD6F4B00256898 /* DWWebViewController.m in Sources */,
				74BC7A461E95F89300DAD94E /* DWSettingUtil.m in Sources */,
				74EC50371ED6A5ED000A9E3C /* NSObject+DWCrash.m in Sources */,
				74F7234F1F5B914800714DA0 /* DWRuntimeTest.m in Sources */,
				74544A26206555CB001E3FAD /* DWSingletonViewController.m in Sources */,
				748B727F1F20B47200BE1029 /* DWSkillViewController.m in Sources */,
				7452F3EE1F49520F00278B8E /* UIWindow+DWKit.m in Sources */,
				7455A4981E80D027002CA176 /* UIImage+DWKit.m in Sources */,
				74EC50261ED6A4E2000A9E3C /* NSObject+DWModel.m in Sources */,
				74F7235E1F5C295300714DA0 /* DWCollectionViewController.m in Sources */,
				743577A21E755940004BC1E1 /* UIFont+DWKit.m in Sources */,
				74E359F81E7189C600AEDE10 /* main.m in Sources */,
			);
			runOnlyForDeploymentPostprocessing = 0;
		};
/* End PBXSourcesBuildPhase section */

/* Begin PBXVariantGroup section */
		74E359FF1E7189C600AEDE10 /* Main.storyboard */ = {
			isa = PBXVariantGroup;
			children = (
				74E35A001E7189C600AEDE10 /* Base */,
			);
			name = Main.storyboard;
			sourceTree = "<group>";
		};
		74E35A041E7189C600AEDE10 /* LaunchScreen.storyboard */ = {
			isa = PBXVariantGroup;
			children = (
				74E35A051E7189C600AEDE10 /* Base */,
			);
			name = LaunchScreen.storyboard;
			sourceTree = "<group>";
		};
/* End PBXVariantGroup section */

/* Begin XCBuildConfiguration section */
		74E35A081E7189C600AEDE10 /* Debug */ = {
			isa = XCBuildConfiguration;
			buildSettings = {
				ALWAYS_SEARCH_USER_PATHS = NO;
				CLANG_ANALYZER_NONNULL = YES;
				CLANG_CXX_LANGUAGE_STANDARD = "gnu++0x";
				CLANG_CXX_LIBRARY = "libc++";
				CLANG_ENABLE_MODULES = YES;
				CLANG_ENABLE_OBJC_ARC = YES;
				CLANG_WARN_BOOL_CONVERSION = YES;
				CLANG_WARN_CONSTANT_CONVERSION = YES;
				CLANG_WARN_DIRECT_OBJC_ISA_USAGE = YES_ERROR;
				CLANG_WARN_DOCUMENTATION_COMMENTS = YES;
				CLANG_WARN_EMPTY_BODY = YES;
				CLANG_WARN_ENUM_CONVERSION = YES;
				CLANG_WARN_INFINITE_RECURSION = YES;
				CLANG_WARN_INT_CONVERSION = YES;
				CLANG_WARN_OBJC_ROOT_CLASS = YES_ERROR;
				CLANG_WARN_SUSPICIOUS_MOVE = YES;
				CLANG_WARN_UNREACHABLE_CODE = YES;
				CLANG_WARN__DUPLICATE_METHOD_MATCH = YES;
				"CODE_SIGN_IDENTITY[sdk=iphoneos*]" = "iPhone Developer";
				COPY_PHASE_STRIP = NO;
				DEBUG_INFORMATION_FORMAT = dwarf;
				ENABLE_STRICT_OBJC_MSGSEND = YES;
				ENABLE_TESTABILITY = YES;
				GCC_C_LANGUAGE_STANDARD = gnu99;
				GCC_DYNAMIC_NO_PIC = NO;
				GCC_NO_COMMON_BLOCKS = YES;
				GCC_OPTIMIZATION_LEVEL = 0;
				GCC_PREPROCESSOR_DEFINITIONS = (
					"DEBUG=1",
					"$(inherited)",
				);
				GCC_WARN_64_TO_32_BIT_CONVERSION = YES;
				GCC_WARN_ABOUT_RETURN_TYPE = YES_ERROR;
				GCC_WARN_UNDECLARED_SELECTOR = YES;
				GCC_WARN_UNINITIALIZED_AUTOS = YES_AGGRESSIVE;
				GCC_WARN_UNUSED_FUNCTION = YES;
				GCC_WARN_UNUSED_VARIABLE = YES;
				IPHONEOS_DEPLOYMENT_TARGET = 10.2;
				MTL_ENABLE_DEBUG_INFO = YES;
				ONLY_ACTIVE_ARCH = YES;
				SDKROOT = iphoneos;
			};
			name = Debug;
		};
		74E35A091E7189C600AEDE10 /* Release */ = {
			isa = XCBuildConfiguration;
			buildSettings = {
				ALWAYS_SEARCH_USER_PATHS = NO;
				CLANG_ANALYZER_NONNULL = YES;
				CLANG_CXX_LANGUAGE_STANDARD = "gnu++0x";
				CLANG_CXX_LIBRARY = "libc++";
				CLANG_ENABLE_MODULES = YES;
				CLANG_ENABLE_OBJC_ARC = YES;
				CLANG_WARN_BOOL_CONVERSION = YES;
				CLANG_WARN_CONSTANT_CONVERSION = YES;
				CLANG_WARN_DIRECT_OBJC_ISA_USAGE = YES_ERROR;
				CLANG_WARN_DOCUMENTATION_COMMENTS = YES;
				CLANG_WARN_EMPTY_BODY = YES;
				CLANG_WARN_ENUM_CONVERSION = YES;
				CLANG_WARN_INFINITE_RECURSION = YES;
				CLANG_WARN_INT_CONVERSION = YES;
				CLANG_WARN_OBJC_ROOT_CLASS = YES_ERROR;
				CLANG_WARN_SUSPICIOUS_MOVE = YES;
				CLANG_WARN_UNREACHABLE_CODE = YES;
				CLANG_WARN__DUPLICATE_METHOD_MATCH = YES;
				"CODE_SIGN_IDENTITY[sdk=iphoneos*]" = "iPhone Developer";
				COPY_PHASE_STRIP = NO;
				DEBUG_INFORMATION_FORMAT = "dwarf-with-dsym";
				ENABLE_NS_ASSERTIONS = NO;
				ENABLE_STRICT_OBJC_MSGSEND = YES;
				GCC_C_LANGUAGE_STANDARD = gnu99;
				GCC_NO_COMMON_BLOCKS = YES;
				GCC_WARN_64_TO_32_BIT_CONVERSION = YES;
				GCC_WARN_ABOUT_RETURN_TYPE = YES_ERROR;
				GCC_WARN_UNDECLARED_SELECTOR = YES;
				GCC_WARN_UNINITIALIZED_AUTOS = YES_AGGRESSIVE;
				GCC_WARN_UNUSED_FUNCTION = YES;
				GCC_WARN_UNUSED_VARIABLE = YES;
				IPHONEOS_DEPLOYMENT_TARGET = 10.2;
				MTL_ENABLE_DEBUG_INFO = NO;
				SDKROOT = iphoneos;
				VALIDATE_PRODUCT = YES;
			};
			name = Release;
		};
		74E35A0B1E7189C600AEDE10 /* Debug */ = {
			isa = XCBuildConfiguration;
			baseConfigurationReference = 4E5082B3BFFD185D39C9A663 /* Pods-DWUtilKitDemo.debug.xcconfig */;
			buildSettings = {
				ALWAYS_EMBED_SWIFT_STANDARD_LIBRARIES = NO;
				ASSETCATALOG_COMPILER_APPICON_NAME = AppIcon;
				CLANG_ENABLE_MODULES = YES;
				CLANG_USE_OPTIMIZATION_PROFILE = YES;
				"CODE_SIGN_IDENTITY[sdk=iphoneos*]" = "iPhone Developer";
				DEVELOPMENT_TEAM = VM764RFM6S;
				GCC_PRECOMPILE_PREFIX_HEADER = YES;
				GCC_PREFIX_HEADER = "$(SRCROOT)/DWUtilKitPch.pch";
				GCC_PREPROCESSOR_DEFINITIONS = (
					"$(inherited)",
					"COCOAPODS=1",
					"$(inherited)",
					"SD_WEBP=1",
					"DWCrashSafeClose=1",
				);
				INFOPLIST_FILE = DWUtilKitDemo/Info.plist;
				IPHONEOS_DEPLOYMENT_TARGET = 8.0;
				LD_RUNPATH_SEARCH_PATHS = "$(inherited) @executable_path/Frameworks";
				PRODUCT_BUNDLE_IDENTIFIER = com.duxing.DWUtilKitDemo;
				PRODUCT_NAME = "$(TARGET_NAME)";
				PROVISIONING_PROFILE_SPECIFIER = "";
				SWIFT_OBJC_BRIDGING_HEADER = "DWUtilKitDemo/Classes/Swift/DWUtilKitDemo-Bridging-Header.h";
				SWIFT_OPTIMIZATION_LEVEL = "-Onone";
				SWIFT_VERSION = 3.0;
				TARGETED_DEVICE_FAMILY = 1;
			};
			name = Debug;
		};
		74E35A0C1E7189C600AEDE10 /* Release */ = {
			isa = XCBuildConfiguration;
			baseConfigurationReference = 43DFB081E7D85AD9BD3D052D /* Pods-DWUtilKitDemo.release.xcconfig */;
			buildSettings = {
				ALWAYS_EMBED_SWIFT_STANDARD_LIBRARIES = NO;
				ASSETCATALOG_COMPILER_APPICON_NAME = AppIcon;
				CLANG_ENABLE_MODULES = YES;
				CLANG_USE_OPTIMIZATION_PROFILE = YES;
				"CODE_SIGN_IDENTITY[sdk=iphoneos*]" = "iPhone Developer";
				DEVELOPMENT_TEAM = VM764RFM6S;
				GCC_PRECOMPILE_PREFIX_HEADER = YES;
				GCC_PREFIX_HEADER = "$(SRCROOT)/DWUtilKitPch.pch";
				INFOPLIST_FILE = DWUtilKitDemo/Info.plist;
				IPHONEOS_DEPLOYMENT_TARGET = 8.0;
				LD_RUNPATH_SEARCH_PATHS = "$(inherited) @executable_path/Frameworks";
				PRODUCT_BUNDLE_IDENTIFIER = com.duxing.DWUtilKitDemo;
				PRODUCT_NAME = "$(TARGET_NAME)";
				PROVISIONING_PROFILE_SPECIFIER = "";
				SWIFT_OBJC_BRIDGING_HEADER = "DWUtilKitDemo/Classes/Swift/DWUtilKitDemo-Bridging-Header.h";
				SWIFT_VERSION = 3.0;
				TARGETED_DEVICE_FAMILY = 1;
			};
			name = Release;
		};
/* End XCBuildConfiguration section */

/* Begin XCConfigurationList section */
		74E359EE1E7189C600AEDE10 /* Build configuration list for PBXProject "DWUtilKitDemo" */ = {
			isa = XCConfigurationList;
			buildConfigurations = (
				74E35A081E7189C600AEDE10 /* Debug */,
				74E35A091E7189C600AEDE10 /* Release */,
			);
			defaultConfigurationIsVisible = 0;
			defaultConfigurationName = Release;
		};
		74E35A0A1E7189C600AEDE10 /* Build configuration list for PBXNativeTarget "DWUtilKitDemo" */ = {
			isa = XCConfigurationList;
			buildConfigurations = (
				74E35A0B1E7189C600AEDE10 /* Debug */,
				74E35A0C1E7189C600AEDE10 /* Release */,
			);
			defaultConfigurationIsVisible = 0;
			defaultConfigurationName = Release;
		};
/* End XCConfigurationList section */
	};
	rootObject = 74E359EB1E7189C600AEDE10 /* Project object */;
}
